{
  "version": 4,
  "terraform_version": "1.7.0",
  "serial": 701,
  "lineage": "75871a10-3af2-608e-8426-ce1e95229377",
  "outputs": {},
  "resources": [
    {
      "mode": "data",
      "type": "azurerm_client_config",
      "name": "current",
      "provider": "provider[\"registry.terraform.io/hashicorp/azurerm\"]",
      "instances": [
        {
          "schema_version": 0,
          "attributes": {
            "client_id": "04b07795-8ddb-461a-bbee-02f9e1bf7b46",
            "id": "Y2xpZW50Q29uZmlncy9jbGllbnRJZD0wNGIwNzc5NS04ZGRiLTQ2MWEtYmJlZS0wMmY5ZTFiZjdiNDY7b2JqZWN0SWQ9YTdlYzdjYmEtMjVjMC00NjliLTk5NTAtMzAxMTg2MDYwZWZkO3N1YnNjcmlwdGlvbklkPTczODM4NGI0LWIwOTYtNDc3Yy05NjdmLTA3MzdhYTliNjczYTt0ZW5hbnRJZD0wNzQ1ZmE0OC0wMTIyLTQ1YjYtYmRlNy04NjI2ZjZmODRkZjY=",
            "object_id": "a7ec7cba-25c0-469b-9950-301186060efd",
            "subscription_id": "738384b4-b096-477c-967f-0737aa9b673a",
            "tenant_id": "0745fa48-0122-45b6-bde7-8626f6f84df6",
            "timeouts": null
          },
          "sensitive_attributes": []
        }
      ]
    },
    {
      "mode": "managed",
      "type": "azurerm_resource_group",
      "name": "rg",
      "provider": "provider[\"registry.terraform.io/hashicorp/azurerm\"]",
      "instances": [
        {
          "schema_version": 0,
          "attributes": {
            "id": "/subscriptions/738384b4-b096-477c-967f-0737aa9b673a/resourceGroups/rg-9nsw",
            "location": "eastus",
            "managed_by": "",
            "name": "rg-9nsw",
            "tags": {},
            "timeouts": null
          },
          "sensitive_attributes": [],
          "private": "eyJlMmJmYjczMC1lY2FhLTExZTYtOGY4OC0zNDM2M2JjN2M0YzAiOnsiY3JlYXRlIjo1NDAwMDAwMDAwMDAwLCJkZWxldGUiOjU0MDAwMDAwMDAwMDAsInJlYWQiOjMwMDAwMDAwMDAwMCwidXBkYXRlIjo1NDAwMDAwMDAwMDAwfX0=",
          "dependencies": [
            "random_string.value"
          ]
        }
      ]
    },
    {
      "mode": "managed",
      "type": "random_string",
      "name": "value",
      "provider": "provider[\"registry.terraform.io/hashicorp/random\"]",
      "instances": [
        {
          "schema_version": 2,
          "attributes": {
            "id": "9nsw",
            "keepers": null,
            "length": 4,
            "lower": true,
            "min_lower": 0,
            "min_numeric": 0,
            "min_special": 0,
            "min_upper": 0,
            "number": true,
            "numeric": true,
            "override_special": null,
            "result": "9nsw",
            "special": false,
            "upper": false
          },
          "sensitive_attributes": []
        }
      ]
    },
    {
      "module": "module.ai",
      "mode": "managed",
      "type": "azurerm_cognitive_account",
      "name": "account",
      "provider": "provider[\"registry.terraform.io/hashicorp/azurerm\"]",
      "instances": [
        {
          "schema_version": 0,
          "attributes": {
            "custom_question_answering_search_service_id": null,
            "custom_question_answering_search_service_key": null,
            "custom_subdomain_name": "",
            "customer_managed_key": [],
            "dynamic_throttling_enabled": false,
            "endpoint": "https://australiaeast.api.cognitive.microsoft.com/",
            "fqdns": [],
            "id": "/subscriptions/738384b4-b096-477c-967f-0737aa9b673a/resourceGroups/rg-9nsw/providers/Microsoft.CognitiveServices/accounts/rg-9nsw-Openai",
            "identity": [],
            "kind": "OpenAI",
            "local_auth_enabled": true,
            "location": "australiaeast",
            "metrics_advisor_aad_client_id": null,
            "metrics_advisor_aad_tenant_id": null,
            "metrics_advisor_super_user_name": null,
            "metrics_advisor_website_name": null,
            "name": "rg-9nsw-Openai",
            "network_acls": [],
            "outbound_network_access_restricted": false,
            "primary_access_key": "3c27d9b8a17d4c89adccf34e4d9e9bcd",
            "public_network_access_enabled": true,
            "qna_runtime_endpoint": null,
            "resource_group_name": "rg-9nsw",
            "secondary_access_key": "ffb67abddb7d42ba8d10929adfe50fd6",
            "sku_name": "S0",
            "storage": [],
            "tags": {},
            "timeouts": null
          },
          "sensitive_attributes": [],
          "private": "eyJlMmJmYjczMC1lY2FhLTExZTYtOGY4OC0zNDM2M2JjN2M0YzAiOnsiY3JlYXRlIjoxODAwMDAwMDAwMDAwLCJkZWxldGUiOjE4MDAwMDAwMDAwMDAsInJlYWQiOjMwMDAwMDAwMDAwMCwidXBkYXRlIjoxODAwMDAwMDAwMDAwfX0=",
          "dependencies": [
            "azurerm_resource_group.rg",
            "random_string.value"
          ]
        }
      ]
    },
    {
      "module": "module.ai",
      "mode": "managed",
      "type": "azurerm_cognitive_deployment",
      "name": "deployment1",
      "provider": "provider[\"registry.terraform.io/hashicorp/azurerm\"]",
      "instances": [
        {
          "schema_version": 0,
          "attributes": {
            "cognitive_account_id": "/subscriptions/738384b4-b096-477c-967f-0737aa9b673a/resourceGroups/rg-9nsw/providers/Microsoft.CognitiveServices/accounts/rg-9nsw-Openai",
            "id": "/subscriptions/738384b4-b096-477c-967f-0737aa9b673a/resourceGroups/rg-9nsw/providers/Microsoft.CognitiveServices/accounts/rg-9nsw-Openai/deployments/gpt-35-turbo",
            "model": [
              {
                "format": "OpenAI",
                "name": "gpt-35-turbo",
                "version": "0613"
              }
            ],
            "name": "gpt-35-turbo",
            "rai_policy_name": "",
            "scale": [
              {
                "capacity": 1,
                "family": "",
                "size": "",
                "tier": "",
                "type": "Standard"
              }
            ],
            "timeouts": null,
            "version_upgrade_option": "OnceNewDefaultVersionAvailable"
          },
          "sensitive_attributes": [],
          "private": "eyJlMmJmYjczMC1lY2FhLTExZTYtOGY4OC0zNDM2M2JjN2M0YzAiOnsiY3JlYXRlIjoxODAwMDAwMDAwMDAwLCJkZWxldGUiOjE4MDAwMDAwMDAwMDAsInJlYWQiOjMwMDAwMDAwMDAwMCwidXBkYXRlIjoxODAwMDAwMDAwMDAwfX0=",
          "dependencies": [
            "azurerm_resource_group.rg",
            "module.ai.azurerm_cognitive_account.account",
            "random_string.value"
          ]
        }
      ]
    },
    {
      "module": "module.ai",
      "mode": "managed",
      "type": "azurerm_cognitive_deployment",
      "name": "deployment2",
      "provider": "provider[\"registry.terraform.io/hashicorp/azurerm\"]",
      "instances": [
        {
          "schema_version": 0,
          "attributes": {
            "cognitive_account_id": "/subscriptions/738384b4-b096-477c-967f-0737aa9b673a/resourceGroups/rg-9nsw/providers/Microsoft.CognitiveServices/accounts/rg-9nsw-Openai",
            "id": "/subscriptions/738384b4-b096-477c-967f-0737aa9b673a/resourceGroups/rg-9nsw/providers/Microsoft.CognitiveServices/accounts/rg-9nsw-Openai/deployments/gpt-35-turbo-16k",
            "model": [
              {
                "format": "OpenAI",
                "name": "gpt-35-turbo-16k",
                "version": "0613"
              }
            ],
            "name": "gpt-35-turbo-16k",
            "rai_policy_name": "",
            "scale": [
              {
                "capacity": 1,
                "family": "",
                "size": "",
                "tier": "",
                "type": "Standard"
              }
            ],
            "timeouts": null,
            "version_upgrade_option": "OnceNewDefaultVersionAvailable"
          },
          "sensitive_attributes": [],
          "private": "eyJlMmJmYjczMC1lY2FhLTExZTYtOGY4OC0zNDM2M2JjN2M0YzAiOnsiY3JlYXRlIjoxODAwMDAwMDAwMDAwLCJkZWxldGUiOjE4MDAwMDAwMDAwMDAsInJlYWQiOjMwMDAwMDAwMDAwMCwidXBkYXRlIjoxODAwMDAwMDAwMDAwfX0=",
          "dependencies": [
            "azurerm_resource_group.rg",
            "module.ai.azurerm_cognitive_account.account",
            "random_string.value"
          ]
        }
      ]
    },
    {
      "module": "module.ai",
      "mode": "managed",
      "type": "azurerm_cognitive_deployment",
      "name": "deployment3",
      "provider": "provider[\"registry.terraform.io/hashicorp/azurerm\"]",
      "instances": [
        {
          "schema_version": 0,
          "attributes": {
            "cognitive_account_id": "/subscriptions/738384b4-b096-477c-967f-0737aa9b673a/resourceGroups/rg-9nsw/providers/Microsoft.CognitiveServices/accounts/rg-9nsw-Openai",
            "id": "/subscriptions/738384b4-b096-477c-967f-0737aa9b673a/resourceGroups/rg-9nsw/providers/Microsoft.CognitiveServices/accounts/rg-9nsw-Openai/deployments/gpt-4",
            "model": [
              {
                "format": "OpenAI",
                "name": "gpt-4",
                "version": "0613"
              }
            ],
            "name": "gpt-4",
            "rai_policy_name": "",
            "scale": [
              {
                "capacity": 1,
                "family": "",
                "size": "",
                "tier": "",
                "type": "Standard"
              }
            ],
            "timeouts": null,
            "version_upgrade_option": "OnceNewDefaultVersionAvailable"
          },
          "sensitive_attributes": [],
          "private": "eyJlMmJmYjczMC1lY2FhLTExZTYtOGY4OC0zNDM2M2JjN2M0YzAiOnsiY3JlYXRlIjoxODAwMDAwMDAwMDAwLCJkZWxldGUiOjE4MDAwMDAwMDAwMDAsInJlYWQiOjMwMDAwMDAwMDAwMCwidXBkYXRlIjoxODAwMDAwMDAwMDAwfX0=",
          "dependencies": [
            "azurerm_resource_group.rg",
            "module.ai.azurerm_cognitive_account.account",
            "random_string.value"
          ]
        }
      ]
    },
    {
      "module": "module.ai",
      "mode": "managed",
      "type": "azurerm_cognitive_deployment",
      "name": "deployment4",
      "provider": "provider[\"registry.terraform.io/hashicorp/azurerm\"]",
      "instances": [
        {
          "schema_version": 0,
          "attributes": {
            "cognitive_account_id": "/subscriptions/738384b4-b096-477c-967f-0737aa9b673a/resourceGroups/rg-9nsw/providers/Microsoft.CognitiveServices/accounts/rg-9nsw-Openai",
            "id": "/subscriptions/738384b4-b096-477c-967f-0737aa9b673a/resourceGroups/rg-9nsw/providers/Microsoft.CognitiveServices/accounts/rg-9nsw-Openai/deployments/gpt-4-turbo",
            "model": [
              {
                "format": "OpenAI",
                "name": "gpt-4",
                "version": "1106-Preview"
              }
            ],
            "name": "gpt-4-turbo",
            "rai_policy_name": "",
            "scale": [
              {
                "capacity": 1,
                "family": "",
                "size": "",
                "tier": "",
                "type": "Standard"
              }
            ],
            "timeouts": null,
            "version_upgrade_option": "OnceNewDefaultVersionAvailable"
          },
          "sensitive_attributes": [],
          "private": "eyJlMmJmYjczMC1lY2FhLTExZTYtOGY4OC0zNDM2M2JjN2M0YzAiOnsiY3JlYXRlIjoxODAwMDAwMDAwMDAwLCJkZWxldGUiOjE4MDAwMDAwMDAwMDAsInJlYWQiOjMwMDAwMDAwMDAwMCwidXBkYXRlIjoxODAwMDAwMDAwMDAwfX0=",
          "dependencies": [
            "azurerm_resource_group.rg",
            "module.ai.azurerm_cognitive_account.account",
            "random_string.value"
          ]
        }
      ]
    },
    {
      "module": "module.ai",
      "mode": "managed",
      "type": "azurerm_cognitive_deployment",
      "name": "deployment5",
      "provider": "provider[\"registry.terraform.io/hashicorp/azurerm\"]",
      "instances": [
        {
          "schema_version": 0,
          "attributes": {
            "cognitive_account_id": "/subscriptions/738384b4-b096-477c-967f-0737aa9b673a/resourceGroups/rg-9nsw/providers/Microsoft.CognitiveServices/accounts/rg-9nsw-Openai",
            "id": "/subscriptions/738384b4-b096-477c-967f-0737aa9b673a/resourceGroups/rg-9nsw/providers/Microsoft.CognitiveServices/accounts/rg-9nsw-Openai/deployments/gpt-4-32k",
            "model": [
              {
                "format": "OpenAI",
                "name": "gpt-4-32k",
                "version": "0613"
              }
            ],
            "name": "gpt-4-32k",
            "rai_policy_name": "",
            "scale": [
              {
                "capacity": 1,
                "family": "",
                "size": "",
                "tier": "",
                "type": "Standard"
              }
            ],
            "timeouts": null,
            "version_upgrade_option": "OnceNewDefaultVersionAvailable"
          },
          "sensitive_attributes": [],
          "private": "eyJlMmJmYjczMC1lY2FhLTExZTYtOGY4OC0zNDM2M2JjN2M0YzAiOnsiY3JlYXRlIjoxODAwMDAwMDAwMDAwLCJkZWxldGUiOjE4MDAwMDAwMDAwMDAsInJlYWQiOjMwMDAwMDAwMDAwMCwidXBkYXRlIjoxODAwMDAwMDAwMDAwfX0=",
          "dependencies": [
            "azurerm_resource_group.rg",
            "module.ai.azurerm_cognitive_account.account",
            "random_string.value"
          ]
        }
      ]
    },
    {
      "module": "module.ai",
      "mode": "managed",
      "type": "azurerm_cognitive_deployment",
      "name": "embedding1",
      "provider": "provider[\"registry.terraform.io/hashicorp/azurerm\"]",
      "instances": [
        {
          "schema_version": 0,
          "attributes": {
            "cognitive_account_id": "/subscriptions/738384b4-b096-477c-967f-0737aa9b673a/resourceGroups/rg-9nsw/providers/Microsoft.CognitiveServices/accounts/rg-9nsw-Openai",
            "id": "/subscriptions/738384b4-b096-477c-967f-0737aa9b673a/resourceGroups/rg-9nsw/providers/Microsoft.CognitiveServices/accounts/rg-9nsw-Openai/deployments/text-embedding-ada-002",
            "model": [
              {
                "format": "OpenAI",
                "name": "text-embedding-ada-002",
                "version": "2"
              }
            ],
            "name": "text-embedding-ada-002",
            "rai_policy_name": "",
            "scale": [
              {
                "capacity": 1,
                "family": "",
                "size": "",
                "tier": "",
                "type": "Standard"
              }
            ],
            "timeouts": null,
            "version_upgrade_option": "OnceNewDefaultVersionAvailable"
          },
          "sensitive_attributes": [],
          "private": "eyJlMmJmYjczMC1lY2FhLTExZTYtOGY4OC0zNDM2M2JjN2M0YzAiOnsiY3JlYXRlIjoxODAwMDAwMDAwMDAwLCJkZWxldGUiOjE4MDAwMDAwMDAwMDAsInJlYWQiOjMwMDAwMDAwMDAwMCwidXBkYXRlIjoxODAwMDAwMDAwMDAwfX0=",
          "dependencies": [
            "azurerm_resource_group.rg",
            "module.ai.azurerm_cognitive_account.account",
            "random_string.value"
          ]
        }
      ]
    },
    {
      "module": "module.deployment-01",
      "mode": "data",
      "type": "azurerm_storage_account_sas",
      "name": "sas-token",
      "provider": "provider[\"registry.terraform.io/hashicorp/azurerm\"]",
      "instances": [
        {
          "schema_version": 0,
          "attributes": {
            "connection_string": "DefaultEndpointsProtocol=https;AccountName=c5912587;AccountKey=gPp8f0iChV4a0SLcu7cwmz2ysP7S0eJHJsho5wLWy/FQZgAJ9q4BcaOrSWQK8GCfBR5HEDkdBJjD+AStvo13IQ==;EndpointSuffix=core.windows.net",
            "expiry": "2020-03-21T00:00:00Z",
            "https_only": true,
            "id": "33234e516c0c3780047600afa1d4d012b9597c73a867d451b37a7ddd1ef917ee",
            "ip_addresses": null,
            "permissions": [
              {
                "add": true,
                "create": true,
                "delete": false,
                "filter": false,
                "list": false,
                "process": false,
                "read": true,
                "tag": false,
                "update": false,
                "write": true
              }
            ],
            "resource_types": [
              {
                "container": false,
                "object": false,
                "service": true
              }
            ],
            "sas": "?sv=2017-07-29\u0026ss=b\u0026srt=s\u0026sp=rwac\u0026se=2020-03-21T00:00:00Z\u0026st=2018-03-21T00:00:00Z\u0026spr=https\u0026sig=LDmST1OPB5KkYPwFhcTrEPpFyG0KyF0Q1wpaxLr%2FxAI%3D",
            "services": [
              {
                "blob": true,
                "file": false,
                "queue": false,
                "table": false
              }
            ],
            "signed_version": "2017-07-29",
            "start": "2018-03-21T00:00:00Z",
            "timeouts": null
          },
          "sensitive_attributes": [
            [
              {
                "type": "get_attr",
                "value": "connection_string"
              }
            ]
          ]
        }
      ]
    },
    {
      "module": "module.deployment-01",
      "mode": "managed",
      "type": "azurerm_cognitive_account",
      "name": "cognitive-account-2",
      "provider": "provider[\"registry.terraform.io/hashicorp/azurerm\"]",
      "instances": [
        {
          "schema_version": 0,
          "attributes": {
            "custom_question_answering_search_service_id": null,
            "custom_question_answering_search_service_key": null,
            "custom_subdomain_name": "",
            "customer_managed_key": [],
            "dynamic_throttling_enabled": false,
            "endpoint": "https://eastus.api.cognitive.microsoft.com/",
            "fqdns": [],
            "id": "/subscriptions/738384b4-b096-477c-967f-0737aa9b673a/resourceGroups/rg-9nsw/providers/Microsoft.CognitiveServices/accounts/form-recog-c5912587",
            "identity": [],
            "kind": "FormRecognizer",
            "local_auth_enabled": true,
            "location": "eastus",
            "metrics_advisor_aad_client_id": null,
            "metrics_advisor_aad_tenant_id": null,
            "metrics_advisor_super_user_name": null,
            "metrics_advisor_website_name": null,
            "name": "form-recog-c5912587",
            "network_acls": [],
            "outbound_network_access_restricted": false,
            "primary_access_key": "4c1e47af39dd4b8dab9d1ba2a17550d5",
            "public_network_access_enabled": true,
            "qna_runtime_endpoint": null,
            "resource_group_name": "rg-9nsw",
            "secondary_access_key": "13446322684c4556b7f0d97510ce4308",
            "sku_name": "S0",
            "storage": [],
            "tags": {},
            "timeouts": null
          },
          "sensitive_attributes": [],
          "private": "eyJlMmJmYjczMC1lY2FhLTExZTYtOGY4OC0zNDM2M2JjN2M0YzAiOnsiY3JlYXRlIjoxODAwMDAwMDAwMDAwLCJkZWxldGUiOjE4MDAwMDAwMDAwMDAsInJlYWQiOjMwMDAwMDAwMDAwMCwidXBkYXRlIjoxODAwMDAwMDAwMDAwfX0=",
          "dependencies": [
            "azurerm_resource_group.rg",
            "module.ai.azurerm_cognitive_account.account",
            "module.ai.azurerm_cognitive_deployment.deployment1",
            "module.ai.azurerm_cognitive_deployment.deployment2",
            "module.ai.azurerm_cognitive_deployment.deployment3",
            "module.ai.azurerm_cognitive_deployment.deployment4",
            "module.ai.azurerm_cognitive_deployment.deployment5",
            "module.ai.azurerm_cognitive_deployment.embedding1",
            "module.deployment-01.random_string.value",
            "random_string.value"
          ]
        }
      ]
    },
    {
      "module": "module.deployment-01",
      "mode": "managed",
      "type": "azurerm_cognitive_account",
      "name": "cognitive01",
      "provider": "provider[\"registry.terraform.io/hashicorp/azurerm\"]",
      "instances": [
        {
          "schema_version": 0,
          "attributes": {
            "custom_question_answering_search_service_id": "",
            "custom_question_answering_search_service_key": null,
            "custom_subdomain_name": "",
            "customer_managed_key": [],
            "dynamic_throttling_enabled": false,
            "endpoint": "https://eastus.api.cognitive.microsoft.com/",
            "fqdns": [],
            "id": "/subscriptions/738384b4-b096-477c-967f-0737aa9b673a/resourceGroups/rg-9nsw/providers/Microsoft.CognitiveServices/accounts/cognitive-service-c5912587",
            "identity": [],
            "kind": "CognitiveServices",
            "local_auth_enabled": true,
            "location": "eastus",
            "metrics_advisor_aad_client_id": "",
            "metrics_advisor_aad_tenant_id": "",
            "metrics_advisor_super_user_name": "",
            "metrics_advisor_website_name": "",
            "name": "cognitive-service-c5912587",
            "network_acls": [],
            "outbound_network_access_restricted": false,
            "primary_access_key": "dd2b1be8a6e54855a38535c47303ee9f",
            "public_network_access_enabled": true,
            "qna_runtime_endpoint": "",
            "resource_group_name": "rg-9nsw",
            "secondary_access_key": "70ce428cff274cf0bac0354c572db965",
            "sku_name": "S0",
            "storage": [],
            "tags": {},
            "timeouts": null
          },
          "sensitive_attributes": [],
          "private": "eyJlMmJmYjczMC1lY2FhLTExZTYtOGY4OC0zNDM2M2JjN2M0YzAiOnsiY3JlYXRlIjoxODAwMDAwMDAwMDAwLCJkZWxldGUiOjE4MDAwMDAwMDAwMDAsInJlYWQiOjMwMDAwMDAwMDAwMCwidXBkYXRlIjoxODAwMDAwMDAwMDAwfX0=",
          "dependencies": [
            "azurerm_resource_group.rg",
            "module.ai.azurerm_cognitive_account.account",
            "module.ai.azurerm_cognitive_deployment.deployment1",
            "module.ai.azurerm_cognitive_deployment.deployment2",
            "module.ai.azurerm_cognitive_deployment.deployment3",
            "module.ai.azurerm_cognitive_deployment.deployment4",
            "module.ai.azurerm_cognitive_deployment.deployment5",
            "module.ai.azurerm_cognitive_deployment.embedding1",
            "module.deployment-01.random_string.value",
            "random_string.value"
          ]
        }
      ]
    },
    {
      "module": "module.deployment-01",
      "mode": "managed",
      "type": "azurerm_cosmosdb_account",
      "name": "cosmosdb",
      "provider": "provider[\"registry.terraform.io/hashicorp/azurerm\"]",
      "instances": [
        {
          "schema_version": 0,
          "attributes": {
            "access_key_metadata_writes_enabled": true,
            "analytical_storage": [
              {
                "schema_type": "WellDefined"
              }
            ],
            "analytical_storage_enabled": false,
            "backup": [
              {
                "interval_in_minutes": 240,
                "retention_in_hours": 8,
                "storage_redundancy": "Geo",
                "type": "Periodic"
              }
            ],
            "capabilities": [
              {
                "name": "EnableServerless"
              }
            ],
            "capacity": [],
            "connection_strings": [
              "AccountEndpoint=https://cosmosdb-account-c5912587.documents.azure.com:443/;AccountKey=EwcWPE8iL1SwkX1BQ8pcnvDe32ikl1clWp7CnE4AdMIgCrVVlU2t6lBd9yKvjsuBKOiveeCK1y4lACDbQkWR6g==;",
              "AccountEndpoint=https://cosmosdb-account-c5912587.documents.azure.com:443/;AccountKey=2KPSEkRYwuPpcKR408jDQN6rJMeSnUtbl4ulQTSDnjWEPbGPg6vu2qLk1CVBpxsvnZlP2WfyrWkyACDbi9282A==;",
              "AccountEndpoint=https://cosmosdb-account-c5912587.documents.azure.com:443/;AccountKey=tJ6UdEx6ea4xkMJu7qIeL6XgIAzPWCA4kMtWDiQs0Pw5Zg9DRMSCrgJjUaTJG7aJASlDsqrToq3bACDbMIbcqg==;",
              "AccountEndpoint=https://cosmosdb-account-c5912587.documents.azure.com:443/;AccountKey=ZUwV2kHuovAFnDDz8gvKKlKAwQB5LTsFeAf4BJCDzCTrXJXk477jCDQWw2AsEnEQrrzdnC6e8yjxACDbwfvxmQ==;"
            ],
            "consistency_policy": [
              {
                "consistency_level": "Session",
                "max_interval_in_seconds": 5,
                "max_staleness_prefix": 100
              }
            ],
            "cors_rule": [],
            "create_mode": "",
            "default_identity_type": "FirstPartyIdentity",
            "enable_automatic_failover": false,
            "enable_free_tier": false,
            "enable_multiple_write_locations": false,
            "endpoint": "https://cosmosdb-account-c5912587.documents.azure.com:443/",
            "geo_location": [
              {
                "failover_priority": 0,
                "id": "cosmosdb-account-c5912587-eastus",
                "location": "eastus",
                "zone_redundant": false
              }
            ],
            "id": "/subscriptions/738384b4-b096-477c-967f-0737aa9b673a/resourceGroups/rg-9nsw/providers/Microsoft.DocumentDB/databaseAccounts/cosmosdb-account-c5912587",
            "identity": [],
            "ip_range_filter": "",
            "is_virtual_network_filter_enabled": false,
            "key_vault_key_id": null,
            "kind": "GlobalDocumentDB",
            "local_authentication_disabled": false,
            "location": "eastus",
            "mongo_server_version": null,
            "name": "cosmosdb-account-c5912587",
            "network_acl_bypass_for_azure_services": false,
            "network_acl_bypass_ids": [],
            "offer_type": "Standard",
            "primary_key": "EwcWPE8iL1SwkX1BQ8pcnvDe32ikl1clWp7CnE4AdMIgCrVVlU2t6lBd9yKvjsuBKOiveeCK1y4lACDbQkWR6g==",
            "primary_mongodb_connection_string": null,
            "primary_readonly_key": "tJ6UdEx6ea4xkMJu7qIeL6XgIAzPWCA4kMtWDiQs0Pw5Zg9DRMSCrgJjUaTJG7aJASlDsqrToq3bACDbMIbcqg==",
            "primary_readonly_mongodb_connection_string": null,
            "primary_readonly_sql_connection_string": "AccountEndpoint=https://cosmosdb-account-c5912587.documents.azure.com:443/;AccountKey=tJ6UdEx6ea4xkMJu7qIeL6XgIAzPWCA4kMtWDiQs0Pw5Zg9DRMSCrgJjUaTJG7aJASlDsqrToq3bACDbMIbcqg==;",
            "primary_sql_connection_string": "AccountEndpoint=https://cosmosdb-account-c5912587.documents.azure.com:443/;AccountKey=EwcWPE8iL1SwkX1BQ8pcnvDe32ikl1clWp7CnE4AdMIgCrVVlU2t6lBd9yKvjsuBKOiveeCK1y4lACDbQkWR6g==;",
            "public_network_access_enabled": true,
            "read_endpoints": [
              "https://cosmosdb-account-c5912587-eastus.documents.azure.com:443/"
            ],
            "resource_group_name": "rg-9nsw",
            "restore": [],
            "secondary_key": "2KPSEkRYwuPpcKR408jDQN6rJMeSnUtbl4ulQTSDnjWEPbGPg6vu2qLk1CVBpxsvnZlP2WfyrWkyACDbi9282A==",
            "secondary_mongodb_connection_string": null,
            "secondary_readonly_key": "ZUwV2kHuovAFnDDz8gvKKlKAwQB5LTsFeAf4BJCDzCTrXJXk477jCDQWw2AsEnEQrrzdnC6e8yjxACDbwfvxmQ==",
            "secondary_readonly_mongodb_connection_string": null,
            "secondary_readonly_sql_connection_string": "AccountEndpoint=https://cosmosdb-account-c5912587.documents.azure.com:443/;AccountKey=ZUwV2kHuovAFnDDz8gvKKlKAwQB5LTsFeAf4BJCDzCTrXJXk477jCDQWw2AsEnEQrrzdnC6e8yjxACDbwfvxmQ==;",
            "secondary_sql_connection_string": "AccountEndpoint=https://cosmosdb-account-c5912587.documents.azure.com:443/;AccountKey=2KPSEkRYwuPpcKR408jDQN6rJMeSnUtbl4ulQTSDnjWEPbGPg6vu2qLk1CVBpxsvnZlP2WfyrWkyACDbi9282A==;",
            "tags": {},
            "timeouts": null,
            "virtual_network_rule": [],
            "write_endpoints": [
              "https://cosmosdb-account-c5912587-eastus.documents.azure.com:443/"
            ]
          },
          "sensitive_attributes": [],
          "private": "eyJlMmJmYjczMC1lY2FhLTExZTYtOGY4OC0zNDM2M2JjN2M0YzAiOnsiY3JlYXRlIjoxMDgwMDAwMDAwMDAwMCwiZGVsZXRlIjoxMDgwMDAwMDAwMDAwMCwicmVhZCI6MzAwMDAwMDAwMDAwLCJ1cGRhdGUiOjEwODAwMDAwMDAwMDAwfX0=",
          "dependencies": [
            "azurerm_resource_group.rg",
            "module.ai.azurerm_cognitive_account.account",
            "module.ai.azurerm_cognitive_deployment.deployment1",
            "module.ai.azurerm_cognitive_deployment.deployment2",
            "module.ai.azurerm_cognitive_deployment.deployment3",
            "module.ai.azurerm_cognitive_deployment.deployment4",
            "module.ai.azurerm_cognitive_deployment.deployment5",
            "module.ai.azurerm_cognitive_deployment.embedding1",
            "module.deployment-01.random_string.value",
            "random_string.value"
          ]
        }
      ]
    },
    {
      "module": "module.deployment-01",
      "mode": "managed",
      "type": "azurerm_cosmosdb_sql_container",
      "name": "cosmosdb_container",
      "provider": "provider[\"registry.terraform.io/hashicorp/azurerm\"]",
      "instances": [
        {
          "schema_version": 1,
          "attributes": {
            "account_name": "cosmosdb-account-c5912587",
            "analytical_storage_ttl": null,
            "autoscale_settings": [],
            "conflict_resolution_policy": [
              {
                "conflict_resolution_path": "/_ts",
                "conflict_resolution_procedure": "",
                "mode": "LastWriterWins"
              }
            ],
            "database_name": "cosmosdb-db-c5912587",
            "default_ttl": 1000,
            "id": "/subscriptions/738384b4-b096-477c-967f-0737aa9b673a/resourceGroups/rg-9nsw/providers/Microsoft.DocumentDB/databaseAccounts/cosmosdb-account-c5912587/sqlDatabases/cosmosdb-db-c5912587/containers/cosmosdb-container-c5912587",
            "indexing_policy": [
              {
                "composite_index": [],
                "excluded_path": [],
                "included_path": [
                  {
                    "path": "/*"
                  }
                ],
                "indexing_mode": "consistent",
                "spatial_index": []
              }
            ],
            "name": "cosmosdb-container-c5912587",
            "partition_key_path": "/user_id",
            "partition_key_version": 2,
            "resource_group_name": "rg-9nsw",
            "throughput": null,
            "timeouts": null,
            "unique_key": []
          },
          "sensitive_attributes": [],
          "private": "eyJlMmJmYjczMC1lY2FhLTExZTYtOGY4OC0zNDM2M2JjN2M0YzAiOnsiY3JlYXRlIjoxODAwMDAwMDAwMDAwLCJkZWxldGUiOjE4MDAwMDAwMDAwMDAsInJlYWQiOjMwMDAwMDAwMDAwMCwidXBkYXRlIjoxODAwMDAwMDAwMDAwfSwic2NoZW1hX3ZlcnNpb24iOiIxIn0=",
          "dependencies": [
            "azurerm_resource_group.rg",
            "module.ai.azurerm_cognitive_account.account",
            "module.ai.azurerm_cognitive_deployment.deployment1",
            "module.ai.azurerm_cognitive_deployment.deployment2",
            "module.ai.azurerm_cognitive_deployment.deployment3",
            "module.ai.azurerm_cognitive_deployment.deployment4",
            "module.ai.azurerm_cognitive_deployment.deployment5",
            "module.ai.azurerm_cognitive_deployment.embedding1",
            "module.deployment-01.azurerm_cosmosdb_account.cosmosdb",
            "module.deployment-01.azurerm_cosmosdb_sql_database.cosmosdb_database",
            "module.deployment-01.random_string.value",
            "random_string.value"
          ]
        }
      ]
    },
    {
      "module": "module.deployment-01",
      "mode": "managed",
      "type": "azurerm_cosmosdb_sql_database",
      "name": "cosmosdb_database",
      "provider": "provider[\"registry.terraform.io/hashicorp/azurerm\"]",
      "instances": [
        {
          "schema_version": 1,
          "attributes": {
            "account_name": "cosmosdb-account-c5912587",
            "autoscale_settings": [],
            "id": "/subscriptions/738384b4-b096-477c-967f-0737aa9b673a/resourceGroups/rg-9nsw/providers/Microsoft.DocumentDB/databaseAccounts/cosmosdb-account-c5912587/sqlDatabases/cosmosdb-db-c5912587",
            "name": "cosmosdb-db-c5912587",
            "resource_group_name": "rg-9nsw",
            "throughput": null,
            "timeouts": null
          },
          "sensitive_attributes": [],
          "private": "eyJlMmJmYjczMC1lY2FhLTExZTYtOGY4OC0zNDM2M2JjN2M0YzAiOnsiY3JlYXRlIjoxODAwMDAwMDAwMDAwLCJkZWxldGUiOjE4MDAwMDAwMDAwMDAsInJlYWQiOjMwMDAwMDAwMDAwMCwidXBkYXRlIjoxODAwMDAwMDAwMDAwfSwic2NoZW1hX3ZlcnNpb24iOiIxIn0=",
          "dependencies": [
            "azurerm_resource_group.rg",
            "module.ai.azurerm_cognitive_account.account",
            "module.ai.azurerm_cognitive_deployment.deployment1",
            "module.ai.azurerm_cognitive_deployment.deployment2",
            "module.ai.azurerm_cognitive_deployment.deployment3",
            "module.ai.azurerm_cognitive_deployment.deployment4",
            "module.ai.azurerm_cognitive_deployment.deployment5",
            "module.ai.azurerm_cognitive_deployment.embedding1",
            "module.deployment-01.azurerm_cosmosdb_account.cosmosdb",
            "module.deployment-01.random_string.value",
            "random_string.value"
          ]
        }
      ]
    },
    {
      "module": "module.deployment-01",
      "mode": "managed",
      "type": "azurerm_cosmosdb_sql_role_definition",
      "name": "comosdb-role",
      "provider": "provider[\"registry.terraform.io/hashicorp/azurerm\"]",
      "instances": [
        {
          "schema_version": 0,
          "attributes": {
            "account_name": "cosmosdb-account-c5912587",
            "assignable_scopes": [
              "/subscriptions/738384b4-b096-477c-967f-0737aa9b673a/resourceGroups/rg-9nsw/providers/Microsoft.DocumentDB/databaseAccounts/cosmosdb-account-c5912587"
            ],
            "id": "/subscriptions/738384b4-b096-477c-967f-0737aa9b673a/resourceGroups/rg-9nsw/providers/Microsoft.DocumentDB/databaseAccounts/cosmosdb-account-c5912587/sqlRoleDefinitions/54884e68-4e89-8ea4-510a-731b82744950",
            "name": "Cosmos DB Data Reader AI",
            "permissions": [
              {
                "data_actions": [
                  "Microsoft.DocumentDB/databaseAccounts/readMetadata",
                  "Microsoft.DocumentDB/databaseAccounts/sqlDatabases/containers/executeQuery",
                  "Microsoft.DocumentDB/databaseAccounts/sqlDatabases/containers/items/read",
                  "Microsoft.DocumentDB/databaseAccounts/sqlDatabases/containers/readChangeFeed"
                ]
              }
            ],
            "resource_group_name": "rg-9nsw",
            "role_definition_id": "54884e68-4e89-8ea4-510a-731b82744950",
            "timeouts": null,
            "type": "BuiltInRole"
          },
          "sensitive_attributes": [],
          "private": "eyJlMmJmYjczMC1lY2FhLTExZTYtOGY4OC0zNDM2M2JjN2M0YzAiOnsiY3JlYXRlIjoxODAwMDAwMDAwMDAwLCJkZWxldGUiOjE4MDAwMDAwMDAwMDAsInJlYWQiOjMwMDAwMDAwMDAwMCwidXBkYXRlIjoxODAwMDAwMDAwMDAwfX0=",
          "dependencies": [
            "azurerm_resource_group.rg",
            "module.ai.azurerm_cognitive_account.account",
            "module.ai.azurerm_cognitive_deployment.deployment1",
            "module.ai.azurerm_cognitive_deployment.deployment2",
            "module.ai.azurerm_cognitive_deployment.deployment3",
            "module.ai.azurerm_cognitive_deployment.deployment4",
            "module.ai.azurerm_cognitive_deployment.deployment5",
            "module.ai.azurerm_cognitive_deployment.embedding1",
            "module.deployment-01.azurerm_cosmosdb_account.cosmosdb",
            "module.deployment-01.random_string.value",
            "random_string.value"
          ]
        }
      ]
    },
    {
      "module": "module.deployment-01",
      "mode": "managed",
      "type": "azurerm_cosmosdb_sql_role_definition",
      "name": "cosmosdb-role2",
      "provider": "provider[\"registry.terraform.io/hashicorp/azurerm\"]",
      "instances": [
        {
          "schema_version": 0,
          "attributes": {
            "account_name": "cosmosdb-account-c5912587",
            "assignable_scopes": [
              "/subscriptions/738384b4-b096-477c-967f-0737aa9b673a/resourceGroups/rg-9nsw/providers/Microsoft.DocumentDB/databaseAccounts/cosmosdb-account-c5912587"
            ],
            "id": "/subscriptions/738384b4-b096-477c-967f-0737aa9b673a/resourceGroups/rg-9nsw/providers/Microsoft.DocumentDB/databaseAccounts/cosmosdb-account-c5912587/sqlRoleDefinitions/0fc5f594-ed1c-dd98-ee33-8a06c2705f74",
            "name": "Cosmos DB Data Contributor AI",
            "permissions": [
              {
                "data_actions": [
                  "Microsoft.DocumentDB/databaseAccounts/readMetadata",
                  "Microsoft.DocumentDB/databaseAccounts/sqlDatabases/containers/*",
                  "Microsoft.DocumentDB/databaseAccounts/sqlDatabases/containers/items/*"
                ]
              }
            ],
            "resource_group_name": "rg-9nsw",
            "role_definition_id": "0fc5f594-ed1c-dd98-ee33-8a06c2705f74",
            "timeouts": null,
            "type": "BuiltInRole"
          },
          "sensitive_attributes": [],
          "private": "eyJlMmJmYjczMC1lY2FhLTExZTYtOGY4OC0zNDM2M2JjN2M0YzAiOnsiY3JlYXRlIjoxODAwMDAwMDAwMDAwLCJkZWxldGUiOjE4MDAwMDAwMDAwMDAsInJlYWQiOjMwMDAwMDAwMDAwMCwidXBkYXRlIjoxODAwMDAwMDAwMDAwfX0=",
          "dependencies": [
            "azurerm_resource_group.rg",
            "module.ai.azurerm_cognitive_account.account",
            "module.ai.azurerm_cognitive_deployment.deployment1",
            "module.ai.azurerm_cognitive_deployment.deployment2",
            "module.ai.azurerm_cognitive_deployment.deployment3",
            "module.ai.azurerm_cognitive_deployment.deployment4",
            "module.ai.azurerm_cognitive_deployment.deployment5",
            "module.ai.azurerm_cognitive_deployment.embedding1",
            "module.deployment-01.azurerm_cosmosdb_account.cosmosdb",
            "module.deployment-01.random_string.value",
            "random_string.value"
          ]
        }
      ]
    },
    {
      "module": "module.deployment-01",
      "mode": "managed",
      "type": "azurerm_mssql_database",
      "name": "mssqldatabase",
      "provider": "provider[\"registry.terraform.io/hashicorp/azurerm\"]",
      "instances": [
        {
          "schema_version": 1,
          "attributes": {
            "auto_pause_delay_in_minutes": 0,
            "collation": "SQL_Latin1_General_CP1_CI_AS",
            "create_mode": "Default",
            "creation_source_database_id": null,
            "elastic_pool_id": "",
            "enclave_type": "",
            "geo_backup_enabled": true,
            "id": "/subscriptions/738384b4-b096-477c-967f-0737aa9b673a/resourceGroups/rg-9nsw/providers/Microsoft.Sql/servers/sql-server-c5912587/databases/SampleDB",
            "identity": [],
            "import": [],
            "ledger_enabled": false,
            "license_type": "",
            "long_term_retention_policy": [
              {
                "monthly_retention": "PT0S",
                "week_of_year": 1,
                "weekly_retention": "PT0S",
                "yearly_retention": "PT0S"
              }
            ],
            "maintenance_configuration_name": "SQL_Default",
            "max_size_gb": 250,
            "min_capacity": 0,
            "name": "SampleDB",
            "read_replica_count": 0,
            "read_scale": false,
            "recover_database_id": null,
            "restore_dropped_database_id": null,
            "restore_point_in_time": null,
            "sample_name": null,
            "server_id": "/subscriptions/738384b4-b096-477c-967f-0737aa9b673a/resourceGroups/rg-9nsw/providers/Microsoft.Sql/servers/sql-server-c5912587",
            "short_term_retention_policy": [
              {
                "backup_interval_in_hours": 24,
                "retention_days": 7
              }
            ],
            "sku_name": "S0",
            "storage_account_type": "Geo",
            "tags": {},
            "threat_detection_policy": [
              {
                "disabled_alerts": [],
                "email_account_admins": "Disabled",
                "email_addresses": [],
                "retention_days": 0,
                "state": "Disabled",
                "storage_account_access_key": "",
                "storage_endpoint": ""
              }
            ],
            "timeouts": null,
            "transparent_data_encryption_enabled": true,
            "transparent_data_encryption_key_automatic_rotation_enabled": false,
            "transparent_data_encryption_key_vault_key_id": "",
            "zone_redundant": false
          },
          "sensitive_attributes": [],
          "private": "eyJlMmJmYjczMC1lY2FhLTExZTYtOGY4OC0zNDM2M2JjN2M0YzAiOnsiY3JlYXRlIjozNjAwMDAwMDAwMDAwLCJkZWxldGUiOjM2MDAwMDAwMDAwMDAsInJlYWQiOjMwMDAwMDAwMDAwMCwidXBkYXRlIjozNjAwMDAwMDAwMDAwfSwic2NoZW1hX3ZlcnNpb24iOiIxIn0=",
          "dependencies": [
            "azurerm_resource_group.rg",
            "module.ai.azurerm_cognitive_account.account",
            "module.ai.azurerm_cognitive_deployment.deployment1",
            "module.ai.azurerm_cognitive_deployment.deployment2",
            "module.ai.azurerm_cognitive_deployment.deployment3",
            "module.ai.azurerm_cognitive_deployment.deployment4",
            "module.ai.azurerm_cognitive_deployment.deployment5",
            "module.ai.azurerm_cognitive_deployment.embedding1",
            "module.deployment-01.azurerm_mssql_server.mssqlserver",
            "module.deployment-01.random_string.value",
            "random_string.value"
          ]
        }
      ]
    },
    {
      "module": "module.deployment-01",
      "mode": "managed",
      "type": "azurerm_mssql_database_extended_auditing_policy",
      "name": "mssqldbpolicy01",
      "provider": "provider[\"registry.terraform.io/hashicorp/azurerm\"]",
      "instances": [
        {
          "schema_version": 0,
          "attributes": {
            "database_id": "/subscriptions/738384b4-b096-477c-967f-0737aa9b673a/resourceGroups/rg-9nsw/providers/Microsoft.Sql/servers/sql-server-c5912587/databases/SampleDB",
            "enabled": false,
            "id": "/subscriptions/738384b4-b096-477c-967f-0737aa9b673a/resourceGroups/rg-9nsw/providers/Microsoft.Sql/servers/sql-server-c5912587/databases/SampleDB/extendedAuditingSettings/Default",
            "log_monitoring_enabled": false,
            "retention_in_days": 0,
            "storage_account_access_key": null,
            "storage_account_access_key_is_secondary": false,
            "storage_endpoint": "",
            "timeouts": null
          },
          "sensitive_attributes": [],
          "private": "eyJlMmJmYjczMC1lY2FhLTExZTYtOGY4OC0zNDM2M2JjN2M0YzAiOnsiY3JlYXRlIjoxODAwMDAwMDAwMDAwLCJkZWxldGUiOjE4MDAwMDAwMDAwMDAsInJlYWQiOjMwMDAwMDAwMDAwMCwidXBkYXRlIjoxODAwMDAwMDAwMDAwfX0=",
          "dependencies": [
            "azurerm_resource_group.rg",
            "module.ai.azurerm_cognitive_account.account",
            "module.ai.azurerm_cognitive_deployment.deployment1",
            "module.ai.azurerm_cognitive_deployment.deployment2",
            "module.ai.azurerm_cognitive_deployment.deployment3",
            "module.ai.azurerm_cognitive_deployment.deployment4",
            "module.ai.azurerm_cognitive_deployment.deployment5",
            "module.ai.azurerm_cognitive_deployment.embedding1",
            "module.deployment-01.azurerm_mssql_database.mssqldatabase",
            "module.deployment-01.azurerm_mssql_server.mssqlserver",
            "module.deployment-01.random_string.value",
            "random_string.value"
          ]
        }
      ]
    },
    {
      "module": "module.deployment-01",
      "mode": "managed",
      "type": "azurerm_mssql_firewall_rule",
      "name": "firewallrule",
      "provider": "provider[\"registry.terraform.io/hashicorp/azurerm\"]",
      "instances": [
        {
          "schema_version": 0,
          "attributes": {
            "end_ip_address": "255.255.255.255",
            "id": "/subscriptions/738384b4-b096-477c-967f-0737aa9b673a/resourceGroups/rg-9nsw/providers/Microsoft.Sql/servers/sql-server-c5912587/firewallRules/AllowAllAzureIPs",
            "name": "AllowAllAzureIPs",
            "server_id": "/subscriptions/738384b4-b096-477c-967f-0737aa9b673a/resourceGroups/rg-9nsw/providers/Microsoft.Sql/servers/sql-server-c5912587",
            "start_ip_address": "0.0.0.0",
            "timeouts": null
          },
          "sensitive_attributes": [],
          "private": "eyJlMmJmYjczMC1lY2FhLTExZTYtOGY4OC0zNDM2M2JjN2M0YzAiOnsiY3JlYXRlIjoxODAwMDAwMDAwMDAwLCJkZWxldGUiOjE4MDAwMDAwMDAwMDAsInJlYWQiOjMwMDAwMDAwMDAwMCwidXBkYXRlIjoxODAwMDAwMDAwMDAwfX0=",
          "dependencies": [
            "azurerm_resource_group.rg",
            "module.ai.azurerm_cognitive_account.account",
            "module.ai.azurerm_cognitive_deployment.deployment1",
            "module.ai.azurerm_cognitive_deployment.deployment2",
            "module.ai.azurerm_cognitive_deployment.deployment3",
            "module.ai.azurerm_cognitive_deployment.deployment4",
            "module.ai.azurerm_cognitive_deployment.deployment5",
            "module.ai.azurerm_cognitive_deployment.embedding1",
            "module.deployment-01.azurerm_mssql_server.mssqlserver",
            "module.deployment-01.random_string.value",
            "random_string.value"
          ]
        }
      ]
    },
    {
      "module": "module.deployment-01",
      "mode": "managed",
      "type": "azurerm_mssql_server",
      "name": "mssqlserver",
      "provider": "provider[\"registry.terraform.io/hashicorp/azurerm\"]",
      "instances": [
        {
          "schema_version": 0,
          "attributes": {
            "administrator_login": "user013",
            "administrator_login_password": "assdf@1234",
            "azuread_administrator": [],
            "connection_policy": "Default",
            "fully_qualified_domain_name": "sql-server-c5912587.database.windows.net",
            "id": "/subscriptions/738384b4-b096-477c-967f-0737aa9b673a/resourceGroups/rg-9nsw/providers/Microsoft.Sql/servers/sql-server-c5912587",
            "identity": [],
            "location": "eastus",
            "minimum_tls_version": "1.2",
            "name": "sql-server-c5912587",
            "outbound_network_restriction_enabled": false,
            "primary_user_assigned_identity_id": "",
            "public_network_access_enabled": true,
            "resource_group_name": "rg-9nsw",
            "restorable_dropped_database_ids": [],
            "tags": {},
            "timeouts": null,
            "transparent_data_encryption_key_vault_key_id": "",
            "version": "12.0"
          },
          "sensitive_attributes": [],
          "private": "eyJlMmJmYjczMC1lY2FhLTExZTYtOGY4OC0zNDM2M2JjN2M0YzAiOnsiY3JlYXRlIjozNjAwMDAwMDAwMDAwLCJkZWxldGUiOjM2MDAwMDAwMDAwMDAsInJlYWQiOjMwMDAwMDAwMDAwMCwidXBkYXRlIjozNjAwMDAwMDAwMDAwfX0=",
          "dependencies": [
            "azurerm_resource_group.rg",
            "module.ai.azurerm_cognitive_account.account",
            "module.ai.azurerm_cognitive_deployment.deployment1",
            "module.ai.azurerm_cognitive_deployment.deployment2",
            "module.ai.azurerm_cognitive_deployment.deployment3",
            "module.ai.azurerm_cognitive_deployment.deployment4",
            "module.ai.azurerm_cognitive_deployment.deployment5",
            "module.ai.azurerm_cognitive_deployment.embedding1",
            "module.deployment-01.random_string.value",
            "random_string.value"
          ]
        }
      ]
    },
    {
      "module": "module.deployment-01",
      "mode": "managed",
      "type": "azurerm_mssql_server_extended_auditing_policy",
      "name": "mssql-policy03",
      "provider": "provider[\"registry.terraform.io/hashicorp/azurerm\"]",
      "instances": [
        {
          "schema_version": 0,
          "attributes": {
            "enabled": false,
            "id": "/subscriptions/738384b4-b096-477c-967f-0737aa9b673a/resourceGroups/rg-9nsw/providers/Microsoft.Sql/servers/sql-server-c5912587/extendedAuditingSettings/default",
            "log_monitoring_enabled": false,
            "retention_in_days": 0,
            "server_id": "/subscriptions/738384b4-b096-477c-967f-0737aa9b673a/resourceGroups/rg-9nsw/providers/Microsoft.Sql/servers/sql-server-c5912587",
            "storage_account_access_key": null,
            "storage_account_access_key_is_secondary": false,
            "storage_account_subscription_id": null,
            "storage_endpoint": "",
            "timeouts": null
          },
          "sensitive_attributes": [],
          "private": "eyJlMmJmYjczMC1lY2FhLTExZTYtOGY4OC0zNDM2M2JjN2M0YzAiOnsiY3JlYXRlIjoxODAwMDAwMDAwMDAwLCJkZWxldGUiOjE4MDAwMDAwMDAwMDAsInJlYWQiOjMwMDAwMDAwMDAwMCwidXBkYXRlIjoxODAwMDAwMDAwMDAwfX0=",
          "dependencies": [
            "azurerm_resource_group.rg",
            "module.ai.azurerm_cognitive_account.account",
            "module.ai.azurerm_cognitive_deployment.deployment1",
            "module.ai.azurerm_cognitive_deployment.deployment2",
            "module.ai.azurerm_cognitive_deployment.deployment3",
            "module.ai.azurerm_cognitive_deployment.deployment4",
            "module.ai.azurerm_cognitive_deployment.deployment5",
            "module.ai.azurerm_cognitive_deployment.embedding1",
            "module.deployment-01.azurerm_mssql_server.mssqlserver",
            "module.deployment-01.random_string.value",
            "random_string.value"
          ]
        }
      ]
    },
    {
      "module": "module.deployment-01",
      "mode": "managed",
      "type": "azurerm_mssql_server_microsoft_support_auditing_policy",
      "name": "mssqlpolicy01",
      "provider": "provider[\"registry.terraform.io/hashicorp/azurerm\"]",
      "instances": [
        {
          "schema_version": 0,
          "attributes": {
            "blob_storage_endpoint": "",
            "enabled": false,
            "id": "/subscriptions/738384b4-b096-477c-967f-0737aa9b673a/resourceGroups/rg-9nsw/providers/Microsoft.Sql/servers/sql-server-c5912587/devOpsAuditingSettings/default",
            "log_monitoring_enabled": false,
            "server_id": "/subscriptions/738384b4-b096-477c-967f-0737aa9b673a/resourceGroups/rg-9nsw/providers/Microsoft.Sql/servers/sql-server-c5912587",
            "storage_account_access_key": null,
            "storage_account_subscription_id": null,
            "timeouts": null
          },
          "sensitive_attributes": [],
          "private": "eyJlMmJmYjczMC1lY2FhLTExZTYtOGY4OC0zNDM2M2JjN2M0YzAiOnsiY3JlYXRlIjoxODAwMDAwMDAwMDAwLCJkZWxldGUiOjE4MDAwMDAwMDAwMDAsInJlYWQiOjMwMDAwMDAwMDAwMCwidXBkYXRlIjoxODAwMDAwMDAwMDAwfX0=",
          "dependencies": [
            "azurerm_resource_group.rg",
            "module.ai.azurerm_cognitive_account.account",
            "module.ai.azurerm_cognitive_deployment.deployment1",
            "module.ai.azurerm_cognitive_deployment.deployment2",
            "module.ai.azurerm_cognitive_deployment.deployment3",
            "module.ai.azurerm_cognitive_deployment.deployment4",
            "module.ai.azurerm_cognitive_deployment.deployment5",
            "module.ai.azurerm_cognitive_deployment.embedding1",
            "module.deployment-01.azurerm_mssql_server.mssqlserver",
            "module.deployment-01.random_string.value",
            "random_string.value"
          ]
        }
      ]
    },
    {
      "module": "module.deployment-01",
      "mode": "managed",
      "type": "azurerm_mssql_server_security_alert_policy",
      "name": "mssql-policy04",
      "provider": "provider[\"registry.terraform.io/hashicorp/azurerm\"]",
      "instances": [
        {
          "schema_version": 0,
          "attributes": {
            "disabled_alerts": [],
            "email_account_admins": false,
            "email_addresses": [],
            "id": "/subscriptions/738384b4-b096-477c-967f-0737aa9b673a/resourceGroups/rg-9nsw/providers/Microsoft.Sql/servers/sql-server-c5912587/securityAlertPolicies/Default",
            "resource_group_name": "rg-9nsw",
            "retention_days": 0,
            "server_name": "sql-server-c5912587",
            "state": "Disabled",
            "storage_account_access_key": null,
            "storage_endpoint": "",
            "timeouts": null
          },
          "sensitive_attributes": [],
          "private": "eyJlMmJmYjczMC1lY2FhLTExZTYtOGY4OC0zNDM2M2JjN2M0YzAiOnsiY3JlYXRlIjoxODAwMDAwMDAwMDAwLCJkZWxldGUiOjE4MDAwMDAwMDAwMDAsInJlYWQiOjMwMDAwMDAwMDAwMCwidXBkYXRlIjoxODAwMDAwMDAwMDAwfX0=",
          "dependencies": [
            "azurerm_resource_group.rg",
            "module.ai.azurerm_cognitive_account.account",
            "module.ai.azurerm_cognitive_deployment.deployment1",
            "module.ai.azurerm_cognitive_deployment.deployment2",
            "module.ai.azurerm_cognitive_deployment.deployment3",
            "module.ai.azurerm_cognitive_deployment.deployment4",
            "module.ai.azurerm_cognitive_deployment.deployment5",
            "module.ai.azurerm_cognitive_deployment.embedding1",
            "module.deployment-01.azurerm_mssql_server.mssqlserver",
            "module.deployment-01.random_string.value",
            "random_string.value"
          ]
        }
      ]
    },
    {
      "module": "module.deployment-01",
      "mode": "managed",
      "type": "azurerm_mssql_server_transparent_data_encryption",
      "name": "mssql-policy02",
      "provider": "provider[\"registry.terraform.io/hashicorp/azurerm\"]",
      "instances": [
        {
          "schema_version": 1,
          "attributes": {
            "auto_rotation_enabled": false,
            "id": "/subscriptions/738384b4-b096-477c-967f-0737aa9b673a/resourceGroups/rg-9nsw/providers/Microsoft.Sql/servers/sql-server-c5912587/encryptionProtector/current",
            "key_vault_key_id": "",
            "server_id": "/subscriptions/738384b4-b096-477c-967f-0737aa9b673a/resourceGroups/rg-9nsw/providers/Microsoft.Sql/servers/sql-server-c5912587",
            "timeouts": null
          },
          "sensitive_attributes": [],
          "private": "eyJlMmJmYjczMC1lY2FhLTExZTYtOGY4OC0zNDM2M2JjN2M0YzAiOnsiY3JlYXRlIjoxODAwMDAwMDAwMDAwLCJkZWxldGUiOjE4MDAwMDAwMDAwMDAsInJlYWQiOjMwMDAwMDAwMDAwMCwidXBkYXRlIjoxODAwMDAwMDAwMDAwfSwic2NoZW1hX3ZlcnNpb24iOiIxIn0=",
          "dependencies": [
            "azurerm_resource_group.rg",
            "module.ai.azurerm_cognitive_account.account",
            "module.ai.azurerm_cognitive_deployment.deployment1",
            "module.ai.azurerm_cognitive_deployment.deployment2",
            "module.ai.azurerm_cognitive_deployment.deployment3",
            "module.ai.azurerm_cognitive_deployment.deployment4",
            "module.ai.azurerm_cognitive_deployment.deployment5",
            "module.ai.azurerm_cognitive_deployment.embedding1",
            "module.deployment-01.azurerm_mssql_server.mssqlserver",
            "module.deployment-01.random_string.value",
            "random_string.value"
          ]
        }
      ]
    },
    {
      "module": "module.deployment-01",
      "mode": "managed",
      "type": "azurerm_resource_group_template_deployment",
      "name": "bing",
      "provider": "provider[\"registry.terraform.io/hashicorp/azurerm\"]",
      "instances": [
        {
          "schema_version": 0,
          "attributes": {
            "debug_level": "",
            "deployment_mode": "Incremental",
            "id": "/subscriptions/738384b4-b096-477c-967f-0737aa9b673a/resourceGroups/rg-9nsw/providers/Microsoft.Resources/deployments/bingsearch-deploy",
            "name": "bingsearch-deploy",
            "output_content": "{\"name\":{\"type\":\"String\",\"value\":\"bing_search_c5912587\"}}",
            "parameters_content": "{\"location\":{\"value\":\"global\"},\"name\":{\"value\":\"bing_search_c5912587\"},\"sku\":{\"value\":\"S1\"},\"tagValues\":{\"value\":{}}}",
            "resource_group_name": "rg-9nsw",
            "tags": {},
            "template_content": "{\"$schema\":\"http://schema.management.azure.com/schemas/2015-01-01/deploymentTemplate.json#\",\"contentVersion\":\"1.0.0.0\",\"outputs\":{\"name\":{\"type\":\"String\",\"value\":\"[parameters('name')]\"}},\"parameters\":{\"location\":{\"type\":\"String\"},\"name\":{\"type\":\"String\"},\"sku\":{\"type\":\"String\"},\"tagValues\":{\"type\":\"Object\"}},\"resources\":[{\"apiVersion\":\"2020-06-10\",\"kind\":\"Bing.Search.v7\",\"location\":\"[parameters('location')]\",\"name\":\"[parameters('name')]\",\"sku\":{\"name\":\"[parameters('sku')]\"},\"tags\":\"[if(contains(parameters('tagValues'), 'Microsoft.Bing/accounts'), parameters('tagValues')['Microsoft.Bing/accounts'], json('{}'))]\",\"type\":\"Microsoft.Bing/accounts\"}]}",
            "template_spec_version_id": "",
            "timeouts": null
          },
          "sensitive_attributes": [],
          "private": "eyJlMmJmYjczMC1lY2FhLTExZTYtOGY4OC0zNDM2M2JjN2M0YzAiOnsiY3JlYXRlIjoxMDgwMDAwMDAwMDAwMCwiZGVsZXRlIjoxMDgwMDAwMDAwMDAwMCwicmVhZCI6MzAwMDAwMDAwMDAwLCJ1cGRhdGUiOjEwODAwMDAwMDAwMDAwfX0=",
          "dependencies": [
            "azurerm_resource_group.rg",
            "module.ai.azurerm_cognitive_account.account",
            "module.ai.azurerm_cognitive_deployment.deployment1",
            "module.ai.azurerm_cognitive_deployment.deployment2",
            "module.ai.azurerm_cognitive_deployment.deployment3",
            "module.ai.azurerm_cognitive_deployment.deployment4",
            "module.ai.azurerm_cognitive_deployment.deployment5",
            "module.ai.azurerm_cognitive_deployment.embedding1",
            "module.deployment-01.random_string.value",
            "random_string.value"
          ]
        }
      ]
    },
    {
      "module": "module.deployment-01",
      "mode": "managed",
      "type": "azurerm_search_service",
      "name": "search",
      "provider": "provider[\"registry.terraform.io/hashicorp/azurerm\"]",
      "instances": [
        {
          "schema_version": 0,
          "attributes": {
            "allowed_ips": [],
            "authentication_failure_mode": "",
            "customer_managed_key_enforcement_enabled": false,
            "hosting_mode": "default",
            "id": "/subscriptions/738384b4-b096-477c-967f-0737aa9b673a/resourceGroups/rg-9nsw/providers/Microsoft.Search/searchServices/cog-search-c5912587",
            "identity": [],
            "local_authentication_enabled": true,
            "location": "eastus",
            "name": "cog-search-c5912587",
            "partition_count": 1,
            "primary_key": "b46TAY4bh580kWTAvZ0pczt7y8v8SST0hI61FNVnJRAzSeDYWJHi",
            "public_network_access_enabled": true,
            "query_keys": [
              {
                "key": "Dd54phdXkXtfmTmyLeJe5gfG8Z7pFH2gSLbgtAaIwmAzSeC6OKFp",
                "name": ""
              }
            ],
            "replica_count": 1,
            "resource_group_name": "rg-9nsw",
            "secondary_key": "kAYsOhTtARCu4VQuRZJVfCgs4u9b8uHW7CDp4vCmTgAzSeBaSnx0",
            "semantic_search_sku": "standard",
            "sku": "standard",
            "tags": {},
            "timeouts": null
          },
          "sensitive_attributes": [],
          "private": "eyJlMmJmYjczMC1lY2FhLTExZTYtOGY4OC0zNDM2M2JjN2M0YzAiOnsiY3JlYXRlIjozNjAwMDAwMDAwMDAwLCJkZWxldGUiOjM2MDAwMDAwMDAwMDAsInJlYWQiOjMwMDAwMDAwMDAwMCwidXBkYXRlIjozNjAwMDAwMDAwMDAwfX0=",
          "dependencies": [
            "azurerm_resource_group.rg",
            "module.ai.azurerm_cognitive_account.account",
            "module.ai.azurerm_cognitive_deployment.deployment1",
            "module.ai.azurerm_cognitive_deployment.deployment2",
            "module.ai.azurerm_cognitive_deployment.deployment3",
            "module.ai.azurerm_cognitive_deployment.deployment4",
            "module.ai.azurerm_cognitive_deployment.deployment5",
            "module.ai.azurerm_cognitive_deployment.embedding1",
            "module.deployment-01.random_string.value",
            "random_string.value"
          ]
        }
      ]
    },
    {
      "module": "module.deployment-01",
      "mode": "managed",
      "type": "azurerm_storage_account",
      "name": "storage-account",
      "provider": "provider[\"registry.terraform.io/hashicorp/azurerm\"]",
      "instances": [
        {
          "schema_version": 4,
          "attributes": {
            "access_tier": "Hot",
            "account_kind": "StorageV2",
            "account_replication_type": "LRS",
            "account_tier": "Standard",
            "allow_nested_items_to_be_public": false,
            "allowed_copy_scope": "",
            "azure_files_authentication": [],
            "blob_properties": [
              {
                "change_feed_enabled": false,
                "change_feed_retention_in_days": 0,
                "container_delete_retention_policy": [],
                "cors_rule": [],
                "default_service_version": "",
                "delete_retention_policy": [],
                "last_access_time_enabled": false,
                "restore_policy": [],
                "versioning_enabled": false
              }
            ],
            "cross_tenant_replication_enabled": false,
            "custom_domain": [],
            "customer_managed_key": [],
            "default_to_oauth_authentication": false,
            "edge_zone": "",
            "enable_https_traffic_only": true,
            "id": "/subscriptions/738384b4-b096-477c-967f-0737aa9b673a/resourceGroups/rg-9nsw/providers/Microsoft.Storage/storageAccounts/c5912587",
            "identity": [],
            "immutability_policy": [],
            "infrastructure_encryption_enabled": false,
            "is_hns_enabled": false,
            "large_file_share_enabled": null,
            "location": "eastus",
            "min_tls_version": "TLS1_0",
            "name": "c5912587",
            "network_rules": [
              {
                "bypass": [
                  "AzureServices"
                ],
                "default_action": "Allow",
                "ip_rules": [],
                "private_link_access": [],
                "virtual_network_subnet_ids": []
              }
            ],
            "nfsv3_enabled": false,
            "primary_access_key": "gPp8f0iChV4a0SLcu7cwmz2ysP7S0eJHJsho5wLWy/FQZgAJ9q4BcaOrSWQK8GCfBR5HEDkdBJjD+AStvo13IQ==",
            "primary_blob_connection_string": "DefaultEndpointsProtocol=https;BlobEndpoint=https://c5912587.blob.core.windows.net/;AccountName=c5912587;AccountKey=gPp8f0iChV4a0SLcu7cwmz2ysP7S0eJHJsho5wLWy/FQZgAJ9q4BcaOrSWQK8GCfBR5HEDkdBJjD+AStvo13IQ==",
            "primary_blob_endpoint": "https://c5912587.blob.core.windows.net/",
            "primary_blob_host": "c5912587.blob.core.windows.net",
            "primary_blob_internet_endpoint": null,
            "primary_blob_internet_host": null,
            "primary_blob_microsoft_endpoint": null,
            "primary_blob_microsoft_host": null,
            "primary_connection_string": "DefaultEndpointsProtocol=https;AccountName=c5912587;AccountKey=gPp8f0iChV4a0SLcu7cwmz2ysP7S0eJHJsho5wLWy/FQZgAJ9q4BcaOrSWQK8GCfBR5HEDkdBJjD+AStvo13IQ==;EndpointSuffix=core.windows.net",
            "primary_dfs_endpoint": "https://c5912587.dfs.core.windows.net/",
            "primary_dfs_host": "c5912587.dfs.core.windows.net",
            "primary_dfs_internet_endpoint": null,
            "primary_dfs_internet_host": null,
            "primary_dfs_microsoft_endpoint": null,
            "primary_dfs_microsoft_host": null,
            "primary_file_endpoint": "https://c5912587.file.core.windows.net/",
            "primary_file_host": "c5912587.file.core.windows.net",
            "primary_file_internet_endpoint": null,
            "primary_file_internet_host": null,
            "primary_file_microsoft_endpoint": null,
            "primary_file_microsoft_host": null,
            "primary_location": "eastus",
            "primary_queue_endpoint": "https://c5912587.queue.core.windows.net/",
            "primary_queue_host": "c5912587.queue.core.windows.net",
            "primary_queue_microsoft_endpoint": null,
            "primary_queue_microsoft_host": null,
            "primary_table_endpoint": "https://c5912587.table.core.windows.net/",
            "primary_table_host": "c5912587.table.core.windows.net",
            "primary_table_microsoft_endpoint": null,
            "primary_table_microsoft_host": null,
            "primary_web_endpoint": "https://c5912587.z13.web.core.windows.net/",
            "primary_web_host": "c5912587.z13.web.core.windows.net",
            "primary_web_internet_endpoint": null,
            "primary_web_internet_host": null,
            "primary_web_microsoft_endpoint": null,
            "primary_web_microsoft_host": null,
            "public_network_access_enabled": true,
            "queue_encryption_key_type": "Service",
            "queue_properties": [
              {
                "cors_rule": [],
                "hour_metrics": [
                  {
                    "enabled": true,
                    "include_apis": true,
                    "retention_policy_days": 7,
                    "version": "1.0"
                  }
                ],
                "logging": [
                  {
                    "delete": false,
                    "read": false,
                    "retention_policy_days": 0,
                    "version": "1.0",
                    "write": false
                  }
                ],
                "minute_metrics": [
                  {
                    "enabled": false,
                    "include_apis": false,
                    "retention_policy_days": 0,
                    "version": "1.0"
                  }
                ]
              }
            ],
            "resource_group_name": "rg-9nsw",
            "routing": [],
            "sas_policy": [],
            "secondary_access_key": "ed3IRqyhytMFx1z1VOrQRkTHxNSdZRgdsKQoYk0v82wubSS2YdceikvTgu1wziLII9F11hz1ppku+AStD19Pgw==",
            "secondary_blob_connection_string": "",
            "secondary_blob_endpoint": null,
            "secondary_blob_host": null,
            "secondary_blob_internet_endpoint": null,
            "secondary_blob_internet_host": null,
            "secondary_blob_microsoft_endpoint": null,
            "secondary_blob_microsoft_host": null,
            "secondary_connection_string": "DefaultEndpointsProtocol=https;AccountName=c5912587;AccountKey=ed3IRqyhytMFx1z1VOrQRkTHxNSdZRgdsKQoYk0v82wubSS2YdceikvTgu1wziLII9F11hz1ppku+AStD19Pgw==;EndpointSuffix=core.windows.net",
            "secondary_dfs_endpoint": null,
            "secondary_dfs_host": null,
            "secondary_dfs_internet_endpoint": null,
            "secondary_dfs_internet_host": null,
            "secondary_dfs_microsoft_endpoint": null,
            "secondary_dfs_microsoft_host": null,
            "secondary_file_endpoint": null,
            "secondary_file_host": null,
            "secondary_file_internet_endpoint": null,
            "secondary_file_internet_host": null,
            "secondary_file_microsoft_endpoint": null,
            "secondary_file_microsoft_host": null,
            "secondary_location": "",
            "secondary_queue_endpoint": null,
            "secondary_queue_host": null,
            "secondary_queue_microsoft_endpoint": null,
            "secondary_queue_microsoft_host": null,
            "secondary_table_endpoint": null,
            "secondary_table_host": null,
            "secondary_table_microsoft_endpoint": null,
            "secondary_table_microsoft_host": null,
            "secondary_web_endpoint": null,
            "secondary_web_host": null,
            "secondary_web_internet_endpoint": null,
            "secondary_web_internet_host": null,
            "secondary_web_microsoft_endpoint": null,
            "secondary_web_microsoft_host": null,
            "sftp_enabled": false,
            "share_properties": [
              {
                "cors_rule": [],
                "retention_policy": [
                  {
                    "days": 7
                  }
                ],
                "smb": []
              }
            ],
            "shared_access_key_enabled": true,
            "static_website": [],
            "table_encryption_key_type": "Service",
            "tags": {},
            "timeouts": null
          },
          "sensitive_attributes": [],
          "private": "eyJlMmJmYjczMC1lY2FhLTExZTYtOGY4OC0zNDM2M2JjN2M0YzAiOnsiY3JlYXRlIjozNjAwMDAwMDAwMDAwLCJkZWxldGUiOjM2MDAwMDAwMDAwMDAsInJlYWQiOjMwMDAwMDAwMDAwMCwidXBkYXRlIjozNjAwMDAwMDAwMDAwfSwic2NoZW1hX3ZlcnNpb24iOiI0In0=",
          "dependencies": [
            "azurerm_resource_group.rg",
            "module.ai.azurerm_cognitive_account.account",
            "module.ai.azurerm_cognitive_deployment.deployment1",
            "module.ai.azurerm_cognitive_deployment.deployment2",
            "module.ai.azurerm_cognitive_deployment.deployment3",
            "module.ai.azurerm_cognitive_deployment.deployment4",
            "module.ai.azurerm_cognitive_deployment.deployment5",
            "module.ai.azurerm_cognitive_deployment.embedding1",
            "module.deployment-01.random_string.value",
            "random_string.value"
          ]
        }
      ]
    },
    {
      "module": "module.deployment-01",
      "mode": "managed",
      "type": "azurerm_storage_container",
      "name": "storage-container",
      "provider": "provider[\"registry.terraform.io/hashicorp/azurerm\"]",
      "instances": [
        {
          "schema_version": 1,
          "attributes": {
            "container_access_type": "private",
            "has_immutability_policy": false,
            "has_legal_hold": false,
            "id": "https://c5912587.blob.core.windows.net/books",
            "metadata": {},
            "name": "books",
            "resource_manager_id": "/subscriptions/738384b4-b096-477c-967f-0737aa9b673a/resourceGroups/rg-9nsw/providers/Microsoft.Storage/storageAccounts/c5912587/blobServices/default/containers/books",
            "storage_account_name": "c5912587",
            "timeouts": null
          },
          "sensitive_attributes": [],
          "private": "eyJlMmJmYjczMC1lY2FhLTExZTYtOGY4OC0zNDM2M2JjN2M0YzAiOnsiY3JlYXRlIjoxODAwMDAwMDAwMDAwLCJkZWxldGUiOjE4MDAwMDAwMDAwMDAsInJlYWQiOjMwMDAwMDAwMDAwMCwidXBkYXRlIjoxODAwMDAwMDAwMDAwfSwic2NoZW1hX3ZlcnNpb24iOiIxIn0=",
          "dependencies": [
            "azurerm_resource_group.rg",
            "module.ai.azurerm_cognitive_account.account",
            "module.ai.azurerm_cognitive_deployment.deployment1",
            "module.ai.azurerm_cognitive_deployment.deployment2",
            "module.ai.azurerm_cognitive_deployment.deployment3",
            "module.ai.azurerm_cognitive_deployment.deployment4",
            "module.ai.azurerm_cognitive_deployment.deployment5",
            "module.ai.azurerm_cognitive_deployment.embedding1",
            "module.deployment-01.azurerm_storage_account.storage-account",
            "module.deployment-01.random_string.value",
            "random_string.value"
          ]
        }
      ]
    },
    {
      "module": "module.deployment-01",
      "mode": "managed",
      "type": "azurerm_storage_container",
      "name": "storage-container1",
      "provider": "provider[\"registry.terraform.io/hashicorp/azurerm\"]",
      "instances": [
        {
          "schema_version": 1,
          "attributes": {
            "container_access_type": "private",
            "has_immutability_policy": false,
            "has_legal_hold": false,
            "id": "https://c5912587.blob.core.windows.net/cord19",
            "metadata": {},
            "name": "cord19",
            "resource_manager_id": "/subscriptions/738384b4-b096-477c-967f-0737aa9b673a/resourceGroups/rg-9nsw/providers/Microsoft.Storage/storageAccounts/c5912587/blobServices/default/containers/cord19",
            "storage_account_name": "c5912587",
            "timeouts": null
          },
          "sensitive_attributes": [],
          "private": "eyJlMmJmYjczMC1lY2FhLTExZTYtOGY4OC0zNDM2M2JjN2M0YzAiOnsiY3JlYXRlIjoxODAwMDAwMDAwMDAwLCJkZWxldGUiOjE4MDAwMDAwMDAwMDAsInJlYWQiOjMwMDAwMDAwMDAwMCwidXBkYXRlIjoxODAwMDAwMDAwMDAwfSwic2NoZW1hX3ZlcnNpb24iOiIxIn0=",
          "dependencies": [
            "azurerm_resource_group.rg",
            "module.ai.azurerm_cognitive_account.account",
            "module.ai.azurerm_cognitive_deployment.deployment1",
            "module.ai.azurerm_cognitive_deployment.deployment2",
            "module.ai.azurerm_cognitive_deployment.deployment3",
            "module.ai.azurerm_cognitive_deployment.deployment4",
            "module.ai.azurerm_cognitive_deployment.deployment5",
            "module.ai.azurerm_cognitive_deployment.embedding1",
            "module.deployment-01.azurerm_storage_account.storage-account",
            "module.deployment-01.random_string.value",
            "random_string.value"
          ]
        }
      ]
    },
    {
      "module": "module.deployment-01",
      "mode": "managed",
      "type": "azurerm_storage_container",
      "name": "storage-container2",
      "provider": "provider[\"registry.terraform.io/hashicorp/azurerm\"]",
      "instances": [
        {
          "schema_version": 1,
          "attributes": {
            "container_access_type": "private",
            "has_immutability_policy": false,
            "has_legal_hold": false,
            "id": "https://c5912587.blob.core.windows.net/mixed",
            "metadata": {},
            "name": "mixed",
            "resource_manager_id": "/subscriptions/738384b4-b096-477c-967f-0737aa9b673a/resourceGroups/rg-9nsw/providers/Microsoft.Storage/storageAccounts/c5912587/blobServices/default/containers/mixed",
            "storage_account_name": "c5912587",
            "timeouts": null
          },
          "sensitive_attributes": [],
          "private": "eyJlMmJmYjczMC1lY2FhLTExZTYtOGY4OC0zNDM2M2JjN2M0YzAiOnsiY3JlYXRlIjoxODAwMDAwMDAwMDAwLCJkZWxldGUiOjE4MDAwMDAwMDAwMDAsInJlYWQiOjMwMDAwMDAwMDAwMCwidXBkYXRlIjoxODAwMDAwMDAwMDAwfSwic2NoZW1hX3ZlcnNpb24iOiIxIn0=",
          "dependencies": [
            "azurerm_resource_group.rg",
            "module.ai.azurerm_cognitive_account.account",
            "module.ai.azurerm_cognitive_deployment.deployment1",
            "module.ai.azurerm_cognitive_deployment.deployment2",
            "module.ai.azurerm_cognitive_deployment.deployment3",
            "module.ai.azurerm_cognitive_deployment.deployment4",
            "module.ai.azurerm_cognitive_deployment.deployment5",
            "module.ai.azurerm_cognitive_deployment.embedding1",
            "module.deployment-01.azurerm_storage_account.storage-account",
            "module.deployment-01.random_string.value",
            "random_string.value"
          ]
        }
      ]
    },
    {
      "module": "module.deployment-01",
      "mode": "managed",
      "type": "random_string",
      "name": "value",
      "provider": "provider[\"registry.terraform.io/hashicorp/random\"]",
      "instances": [
        {
          "schema_version": 2,
          "attributes": {
            "id": "m635",
            "keepers": null,
            "length": 4,
            "lower": true,
            "min_lower": 0,
            "min_numeric": 0,
            "min_special": 0,
            "min_upper": 0,
            "number": true,
            "numeric": true,
            "override_special": null,
            "result": "m635",
            "special": false,
            "upper": false
          },
          "sensitive_attributes": [],
          "dependencies": [
            "azurerm_resource_group.rg",
            "module.ai.azurerm_cognitive_account.account",
            "module.ai.azurerm_cognitive_deployment.deployment1",
            "module.ai.azurerm_cognitive_deployment.deployment2",
            "module.ai.azurerm_cognitive_deployment.deployment3",
            "module.ai.azurerm_cognitive_deployment.deployment4",
            "module.ai.azurerm_cognitive_deployment.deployment5",
            "module.ai.azurerm_cognitive_deployment.embedding1",
            "random_string.value"
          ]
        }
      ]
    },
    {
      "module": "module.deployment-02",
      "mode": "managed",
      "type": "azurerm_resource_group_template_deployment",
      "name": "botapp",
      "provider": "provider[\"registry.terraform.io/hashicorp/azurerm\"]",
      "instances": [
        {
          "schema_version": 0,
          "attributes": {
            "debug_level": "",
            "deployment_mode": "Incremental",
            "id": "/subscriptions/738384b4-b096-477c-967f-0737aa9b673a/resourceGroups/rg-9nsw/providers/Microsoft.Resources/deployments/bot-template",
            "name": "bot-template",
            "output_content": "{\"botServiceName\":{\"type\":\"String\",\"value\":\"BotID-1bffe74d\"},\"webAppName\":{\"type\":\"String\",\"value\":\"webApp-Backend-BotID-1bffe74d\"},\"webAppUrl\":{\"type\":\"String\",\"value\":\"webapp-backend-botid-1bffe74d.azurewebsites.net\"}}",
            "parameters_content": "{\"appId\":{\"value\":\"e461c789-8aa4-41e1-b6c6-20f35eeb5bb6\"},\"appPassword\":{},\"appServicePlanName\":{\"value\":\"AppServicePlan-backend-1bffe74d\"},\"appServicePlanSKU\":{\"value\":\"S3\"},\"azureOpenAIAPIKey\":{},\"azureOpenAIAPIVersion\":{\"value\":\"2023-05-15\"},\"azureOpenAIModelName\":{\"value\":\"gpt-4-32k\"},\"azureOpenAIName\":{\"value\":\"rg-9nsw-Openai\"},\"azureSearchAPIVersion\":{\"value\":\"2023-07-01-Preview\"},\"azureSearchName\":{\"value\":\"cog-search-c5912587\"},\"bingSearchName\":{\"value\":\"bing_search_c5912587\"},\"bingSearchUrl\":{\"value\":\"https://api.bing.microsoft.com/v7.0/search\"},\"blobSASToken\":{},\"botId\":{\"value\":\"BotID-1bffe74d\"},\"botSKU\":{\"value\":\"F0\"},\"cosmosDBAccountName\":{\"value\":\"cosmosdb-account-c5912587\"},\"cosmosDBContainerName\":{\"value\":\"cosmosdb-container-c5912587\"},\"location\":{\"value\":\"eastus\"},\"resourceGroupSearch\":{\"value\":\"rg-9nsw\"},\"sqlServerDatabase\":{\"value\":\"SampleDB\"},\"sqlServerName\":{\"value\":\"sql-server-c5912587\"},\"sqlServerPassword\":{},\"sqlServerUsername\":{\"value\":\"user013\"}}",
            "resource_group_name": "rg-9nsw",
            "tags": {},
            "template_content": "{\"$schema\":\"https://schema.management.azure.com/schemas/2019-04-01/deploymentTemplate.json#\",\"contentVersion\":\"1.0.0.0\",\"outputs\":{\"botServiceName\":{\"type\":\"String\",\"value\":\"[parameters('botId')]\"},\"webAppName\":{\"type\":\"String\",\"value\":\"[variables('webAppName')]\"},\"webAppUrl\":{\"type\":\"String\",\"value\":\"[reference(resourceId('Microsoft.Web/sites', variables('webAppName')), '2022-09-01').defaultHostName]\"}},\"parameters\":{\"SQLServerDatabase\":{\"defaultValue\":\"SampleDB\",\"metadata\":{\"description\":\"Required. The name of the SQL Server database.\"},\"type\":\"String\"},\"SQLServerName\":{\"metadata\":{\"description\":\"Required. The name of the SQL server deployed previously e.g. sqlserver.database.windows.net\"},\"type\":\"String\"},\"SQLServerPassword\":{\"metadata\":{\"description\":\"Required. The password for the SQL Server.\"},\"type\":\"SecureString\"},\"SQLServerUsername\":{\"metadata\":{\"description\":\"Required. The username for the SQL Server.\"},\"type\":\"String\"},\"appId\":{\"metadata\":{\"description\":\"Required. Active Directory App ID.\"},\"type\":\"String\"},\"appPassword\":{\"metadata\":{\"description\":\"Required. Active Directory App Secret Value.\"},\"type\":\"SecureString\"},\"appServicePlanName\":{\"defaultValue\":\"[format('AppServicePlan-Backend-{0}', uniqueString(resourceGroup().id))]\",\"metadata\":{\"description\":\"Optional. The name of the new App Service Plan.\"},\"type\":\"String\"},\"appServicePlanSKU\":{\"allowedValues\":[\"B3\",\"S3\",\"P2v3\"],\"defaultValue\":\"S3\",\"metadata\":{\"description\":\"Optional, defaults to S3. The SKU of the App Service Plan. Acceptable values are B3, S3 and P2v3.\"},\"type\":\"String\"},\"azureOpenAIAPIKey\":{\"metadata\":{\"description\":\"Required. The API key of the Azure OpenAI resource deployed previously.\"},\"type\":\"SecureString\"},\"azureOpenAIAPIVersion\":{\"defaultValue\":\"2023-05-15\",\"metadata\":{\"description\":\"Optional. The API version for the Azure OpenAI service.\"},\"type\":\"String\"},\"azureOpenAIModelName\":{\"defaultValue\":\"gpt-4-32k\",\"metadata\":{\"description\":\"Optional. The model name for the Azure OpenAI service.\"},\"type\":\"String\"},\"azureOpenAIName\":{\"metadata\":{\"description\":\"Required. The name of the Azure OpenAI resource deployed previously.\"},\"type\":\"String\"},\"azureSearchAPIVersion\":{\"defaultValue\":\"2023-07-01-Preview\",\"metadata\":{\"description\":\"Optional. The API version for the Azure Search service.\"},\"type\":\"String\"},\"azureSearchName\":{\"metadata\":{\"description\":\"Required. The name of the Azure Search service deployed previously.\"},\"type\":\"String\"},\"bingSearchName\":{\"metadata\":{\"description\":\"Required. The name of the Bing Search service deployed previously.\"},\"type\":\"String\"},\"bingSearchUrl\":{\"defaultValue\":\"https://api.bing.microsoft.com/v7.0/search\",\"metadata\":{\"description\":\"Optional. The URL for the Bing Search service.\"},\"type\":\"String\"},\"blobSASToken\":{\"metadata\":{\"description\":\"Required. The SAS token for the blob hosting your data.\"},\"type\":\"SecureString\"},\"botId\":{\"defaultValue\":\"[format('BotId-{0}', uniqueString(resourceGroup().id))]\",\"metadata\":{\"description\":\"Optional. The globally unique and immutable bot ID. Also used to configure the displayName of the bot, which is mutable.\"},\"type\":\"String\"},\"botSKU\":{\"allowedValues\":[\"F0\",\"S1\"],\"defaultValue\":\"F0\",\"metadata\":{\"description\":\"Optional, defaults to F0. The pricing tier of the Bot Service Registration. Acceptable values are F0 and S1.\"},\"type\":\"String\"},\"cosmosDBAccountName\":{\"metadata\":{\"description\":\"Required. The name of the Azure CosmosDB.\"},\"type\":\"String\"},\"cosmosDBContainerName\":{\"metadata\":{\"description\":\"Required. The name of the Azure CosmosDB container.\"},\"type\":\"String\"},\"location\":{\"defaultValue\":\"[resourceGroup().location]\",\"metadata\":{\"description\":\"Optional, defaults to resource group location. The location of the resources.\"},\"type\":\"String\"},\"resourceGroupSearch\":{\"defaultValue\":\"[resourceGroup().name]\",\"metadata\":{\"description\":\"Optional. The name of the resource group where the resources (Azure Search etc.) where deployed previously. Defaults to current resource group.\"},\"type\":\"String\"}},\"resources\":[{\"apiVersion\":\"2022-09-01\",\"kind\":\"linux\",\"location\":\"[parameters('location')]\",\"name\":\"[parameters('appServicePlanName')]\",\"properties\":{\"reserved\":true},\"sku\":{\"name\":\"[parameters('appServicePlanSKU')]\"},\"type\":\"Microsoft.Web/serverfarms\"},{\"apiVersion\":\"2022-09-01\",\"dependsOn\":[\"[resourceId('Microsoft.Web/serverfarms', parameters('appServicePlanName'))]\"],\"kind\":\"app,linux\",\"location\":\"[parameters('location')]\",\"name\":\"[variables('webAppName')]\",\"properties\":{\"clientAffinityEnabled\":false,\"clientCertEnabled\":false,\"containerSize\":0,\"dailyMemoryTimeQuota\":0,\"enabled\":true,\"hostNameSslStates\":[{\"hostType\":\"Standard\",\"name\":\"[format('{0}.azurewebsites.net', variables('webAppName'))]\",\"sslState\":\"Disabled\"},{\"hostType\":\"Repository\",\"name\":\"[format('{0}.scm.azurewebsites.net', variables('webAppName'))]\",\"sslState\":\"Disabled\"}],\"hostNamesDisabled\":false,\"httpsOnly\":false,\"reserved\":true,\"scmSiteAlsoStopped\":false,\"serverFarmId\":\"[resourceId('Microsoft.Web/serverfarms', parameters('appServicePlanName'))]\",\"siteConfig\":{\"appSettings\":[{\"name\":\"MicrosoftAppId\",\"value\":\"[parameters('appId')]\"},{\"name\":\"MicrosoftAppPassword\",\"value\":\"[parameters('appPassword')]\"},{\"name\":\"BLOB_SAS_TOKEN\",\"value\":\"[parameters('blobSASToken')]\"},{\"name\":\"AZURE_SEARCH_ENDPOINT\",\"value\":\"[format('https://{0}.search.windows.net', parameters('azureSearchName'))]\"},{\"name\":\"AZURE_SEARCH_KEY\",\"value\":\"[listAdminKeys(extensionResourceId(format('/subscriptions/{0}/resourceGroups/{1}', subscription().subscriptionId, parameters('resourceGroupSearch')), 'Microsoft.Search/searchServices', parameters('azureSearchName')), '2021-04-01-preview').primaryKey]\"},{\"name\":\"AZURE_SEARCH_API_VERSION\",\"value\":\"[parameters('azureSearchAPIVersion')]\"},{\"name\":\"AZURE_OPENAI_ENDPOINT\",\"value\":\"[format('https://{0}.openai.azure.com/', parameters('azureOpenAIName'))]\"},{\"name\":\"AZURE_OPENAI_API_KEY\",\"value\":\"[parameters('azureOpenAIAPIKey')]\"},{\"name\":\"AZURE_OPENAI_MODEL_NAME\",\"value\":\"[parameters('azureOpenAIModelName')]\"},{\"name\":\"AZURE_OPENAI_API_VERSION\",\"value\":\"[parameters('azureOpenAIAPIVersion')]\"},{\"name\":\"BING_SEARCH_URL\",\"value\":\"[parameters('bingSearchUrl')]\"},{\"name\":\"BING_SUBSCRIPTION_KEY\",\"value\":\"[listKeys(extensionResourceId(format('/subscriptions/{0}/resourceGroups/{1}', subscription().subscriptionId, parameters('resourceGroupSearch')), 'Microsoft.Bing/accounts', parameters('bingSearchName')), '2020-06-10').key1]\"},{\"name\":\"SQL_SERVER_NAME\",\"value\":\"[parameters('SQLServerName')]\"},{\"name\":\"SQL_SERVER_DATABASE\",\"value\":\"[parameters('SQLServerDatabase')]\"},{\"name\":\"SQL_SERVER_USERNAME\",\"value\":\"[parameters('SQLServerUsername')]\"},{\"name\":\"SQL_SERVER_PASSWORD\",\"value\":\"[parameters('SQLServerPassword')]\"},{\"name\":\"AZURE_COSMOSDB_ENDPOINT\",\"value\":\"[format('https://{0}.documents.azure.com:443/', parameters('cosmosDBAccountName'))]\"},{\"name\":\"AZURE_COSMOSDB_NAME\",\"value\":\"[parameters('cosmosDBAccountName')]\"},{\"name\":\"AZURE_COSMOSDB_CONTAINER_NAME\",\"value\":\"[parameters('cosmosDBContainerName')]\"},{\"name\":\"AZURE_COMOSDB_CONNECTION_STRING\",\"value\":\"[listConnectionStrings(extensionResourceId(format('/subscriptions/{0}/resourceGroups/{1}', subscription().subscriptionId, parameters('resourceGroupSearch')), 'Microsoft.DocumentDB/databaseAccounts', parameters('cosmosDBAccountName')), '2023-04-15').connectionStrings[0].connectionString]\"},{\"name\":\"SCM_DO_BUILD_DURING_DEPLOYMENT\",\"value\":\"true\"}],\"cors\":{\"allowedOrigins\":[\"https://botservice.hosting.portal.azure.net\",\"https://hosting.onecloud.azure-test.net/\"]}}},\"tags\":{\"azd-service-name\":\"backend\"},\"type\":\"Microsoft.Web/sites\"},{\"apiVersion\":\"2022-09-01\",\"dependsOn\":[\"[resourceId('Microsoft.Web/sites', variables('webAppName'))]\"],\"name\":\"[format('{0}/{1}', variables('webAppName'), 'web')]\",\"properties\":{\"alwaysOn\":true,\"appCommandLine\":\"gunicorn --bind 0.0.0.0 --worker-class aiohttp.worker.GunicornWebWorker --timeout 600 app:APP\",\"autoHealEnabled\":false,\"defaultDocuments\":[\"Default.htm\",\"Default.html\",\"Default.asp\",\"index.htm\",\"index.html\",\"iisstart.htm\",\"default.aspx\",\"index.php\",\"hostingstart.html\"],\"detailedErrorLoggingEnabled\":false,\"experiments\":{\"rampUpRules\":[]},\"ftpsState\":\"AllAllowed\",\"httpLoggingEnabled\":true,\"linuxFxVersion\":\"PYTHON|3.10\",\"loadBalancing\":\"LeastRequests\",\"logsDirectorySizeLimit\":35,\"managedPipelineMode\":\"Integrated\",\"minTlsVersion\":\"1.2\",\"netFrameworkVersion\":\"v4.0\",\"nodeVersion\":\"\",\"numberOfWorkers\":1,\"phpVersion\":\"\",\"publishingUsername\":\"[variables('publishingUsername')]\",\"pythonVersion\":\"\",\"remoteDebuggingEnabled\":false,\"remoteDebuggingVersion\":\"VS2017\",\"requestTracingEnabled\":false,\"scmType\":\"None\",\"use32BitWorkerProcess\":true,\"virtualApplications\":[{\"physicalPath\":\"site\\\\wwwroot\",\"preloadEnabled\":false,\"virtualDirectories\":null,\"virtualPath\":\"/\"}],\"vnetName\":\"\",\"webSocketsEnabled\":false},\"type\":\"Microsoft.Web/sites/config\"},{\"apiVersion\":\"2022-09-15\",\"dependsOn\":[\"[resourceId('Microsoft.Web/sites', variables('webAppName'))]\"],\"kind\":\"azurebot\",\"location\":\"global\",\"name\":\"[parameters('botId')]\",\"properties\":{\"displayName\":\"[parameters('botId')]\",\"endpoint\":\"[variables('botEndpoint')]\",\"iconUrl\":\"https://docs.botframework.com/static/devportal/client/images/bot-framework-default.png\",\"isCmekEnabled\":false,\"luisAppIds\":[],\"msaAppId\":\"[parameters('appId')]\",\"schemaTransformationVersion\":\"1.3\"},\"sku\":{\"name\":\"[parameters('botSKU')]\"},\"type\":\"Microsoft.BotService/botServices\"}],\"variables\":{\"botEndpoint\":\"[format('https://{0}/api/messages', variables('siteHost'))]\",\"publishingUsername\":\"[format('0', parameters('botId'))]\",\"siteHost\":\"[format('{0}.azurewebsites.net', variables('webAppName'))]\",\"webAppName\":\"[format('webApp-Backend-{0}', parameters('botId'))]\"}}",
            "template_spec_version_id": "",
            "timeouts": null
          },
          "sensitive_attributes": [
            [
              {
                "type": "get_attr",
                "value": "parameters_content"
              }
            ]
          ],
          "private": "eyJlMmJmYjczMC1lY2FhLTExZTYtOGY4OC0zNDM2M2JjN2M0YzAiOnsiY3JlYXRlIjoxMDgwMDAwMDAwMDAwMCwiZGVsZXRlIjoxMDgwMDAwMDAwMDAwMCwicmVhZCI6MzAwMDAwMDAwMDAwLCJ1cGRhdGUiOjEwODAwMDAwMDAwMDAwfX0=",
          "dependencies": [
            "azurerm_resource_group.rg",
            "module.ai.azurerm_cognitive_account.account",
            "module.ai.azurerm_cognitive_deployment.deployment1",
            "module.ai.azurerm_cognitive_deployment.deployment2",
            "module.ai.azurerm_cognitive_deployment.deployment3",
            "module.ai.azurerm_cognitive_deployment.deployment4",
            "module.ai.azurerm_cognitive_deployment.deployment5",
            "module.ai.azurerm_cognitive_deployment.embedding1",
            "module.deployment-01.azurerm_cognitive_account.cognitive-account-2",
            "module.deployment-01.azurerm_cognitive_account.cognitive01",
            "module.deployment-01.azurerm_cosmosdb_account.cosmosdb",
            "module.deployment-01.azurerm_cosmosdb_sql_container.cosmosdb_container",
            "module.deployment-01.azurerm_cosmosdb_sql_database.cosmosdb_database",
            "module.deployment-01.azurerm_cosmosdb_sql_role_definition.comosdb-role",
            "module.deployment-01.azurerm_cosmosdb_sql_role_definition.cosmosdb-role2",
            "module.deployment-01.azurerm_mssql_database.mssqldatabase",
            "module.deployment-01.azurerm_mssql_database_extended_auditing_policy.mssqldbpolicy01",
            "module.deployment-01.azurerm_mssql_firewall_rule.firewallrule",
            "module.deployment-01.azurerm_mssql_server.mssqlserver",
            "module.deployment-01.azurerm_mssql_server_extended_auditing_policy.mssql-policy03",
            "module.deployment-01.azurerm_mssql_server_microsoft_support_auditing_policy.mssqlpolicy01",
            "module.deployment-01.azurerm_mssql_server_security_alert_policy.mssql-policy04",
            "module.deployment-01.azurerm_mssql_server_transparent_data_encryption.mssql-policy02",
            "module.deployment-01.azurerm_resource_group_template_deployment.bing",
            "module.deployment-01.azurerm_search_service.search",
            "module.deployment-01.azurerm_storage_account.storage-account",
            "module.deployment-01.azurerm_storage_container.storage-container",
            "module.deployment-01.azurerm_storage_container.storage-container1",
            "module.deployment-01.azurerm_storage_container.storage-container2",
            "module.deployment-01.data.azurerm_storage_account_sas.sas-token",
            "module.deployment-01.random_string.value",
            "module.deployment-02.random_string.value",
            "random_string.value"
          ]
        }
      ]
    },
    {
      "module": "module.deployment-02",
      "mode": "managed",
      "type": "random_string",
      "name": "value",
      "provider": "provider[\"registry.terraform.io/hashicorp/random\"]",
      "instances": [
        {
          "schema_version": 2,
          "attributes": {
            "id": "h62r",
            "keepers": null,
            "length": 4,
            "lower": true,
            "min_lower": 0,
            "min_numeric": 0,
            "min_special": 0,
            "min_upper": 0,
            "number": true,
            "numeric": true,
            "override_special": null,
            "result": "h62r",
            "special": false,
            "upper": false
          },
          "sensitive_attributes": [],
          "dependencies": [
            "azurerm_resource_group.rg",
            "module.ai.azurerm_cognitive_account.account",
            "module.ai.azurerm_cognitive_deployment.deployment1",
            "module.ai.azurerm_cognitive_deployment.deployment2",
            "module.ai.azurerm_cognitive_deployment.deployment3",
            "module.ai.azurerm_cognitive_deployment.deployment4",
            "module.ai.azurerm_cognitive_deployment.deployment5",
            "module.ai.azurerm_cognitive_deployment.embedding1",
            "module.deployment-01.azurerm_cognitive_account.cognitive-account-2",
            "module.deployment-01.azurerm_cognitive_account.cognitive01",
            "module.deployment-01.azurerm_cosmosdb_account.cosmosdb",
            "module.deployment-01.azurerm_cosmosdb_sql_container.cosmosdb_container",
            "module.deployment-01.azurerm_cosmosdb_sql_database.cosmosdb_database",
            "module.deployment-01.azurerm_cosmosdb_sql_role_definition.comosdb-role",
            "module.deployment-01.azurerm_cosmosdb_sql_role_definition.cosmosdb-role2",
            "module.deployment-01.azurerm_mssql_database.mssqldatabase",
            "module.deployment-01.azurerm_mssql_database_extended_auditing_policy.mssqldbpolicy01",
            "module.deployment-01.azurerm_mssql_firewall_rule.firewallrule",
            "module.deployment-01.azurerm_mssql_server.mssqlserver",
            "module.deployment-01.azurerm_mssql_server_extended_auditing_policy.mssql-policy03",
            "module.deployment-01.azurerm_mssql_server_microsoft_support_auditing_policy.mssqlpolicy01",
            "module.deployment-01.azurerm_mssql_server_security_alert_policy.mssql-policy04",
            "module.deployment-01.azurerm_mssql_server_transparent_data_encryption.mssql-policy02",
            "module.deployment-01.azurerm_resource_group_template_deployment.bing",
            "module.deployment-01.azurerm_search_service.search",
            "module.deployment-01.azurerm_storage_account.storage-account",
            "module.deployment-01.azurerm_storage_container.storage-container",
            "module.deployment-01.azurerm_storage_container.storage-container1",
            "module.deployment-01.azurerm_storage_container.storage-container2",
            "module.deployment-01.data.azurerm_storage_account_sas.sas-token",
            "module.deployment-01.random_string.value",
            "random_string.value"
          ]
        }
      ]
    },
    {
      "module": "module.deployment-03",
      "mode": "managed",
      "type": "azurerm_resource_group_template_deployment",
      "name": "frontend",
      "provider": "provider[\"registry.terraform.io/hashicorp/azurerm\"]",
      "instances": [
        {
          "schema_version": 0,
          "attributes": {
            "debug_level": "",
            "deployment_mode": "Incremental",
            "id": "/subscriptions/738384b4-b096-477c-967f-0737aa9b673a/resourceGroups/rg-9nsw/providers/Microsoft.Resources/deployments/frontend-template",
            "name": "frontend-template",
            "output_content": "{\"webAppName\":{\"type\":\"String\",\"value\":\"Web-App-3d0ee388\"},\"webAppURL\":{\"type\":\"String\",\"value\":\"web-app-3d0ee388.azurewebsites.net\"}}",
            "parameters_content": "{\"appServicePlanName\":{\"value\":\"AppServicePlan-frontend-3d0ee388\"},\"appServicePlanSKU\":{\"value\":\"S3\"},\"azureOpenAIAPIKey\":{},\"azureOpenAIAPIVersion\":{\"value\":\"2023-05-15\"},\"azureOpenAIModelName\":{\"value\":\"gpt-4-32k\"},\"azureOpenAIName\":{\"value\":\"rg-9nsw-Openai\"},\"azureSearchAPIVersion\":{\"value\":\"2023-07-01-Preview\"},\"azureSearchName\":{\"value\":\"cog-search-c5912587\"},\"blobSASToken\":{},\"botDirectLineChannelKey\":{},\"botServiceName\":{\"value\":\"BotID-1bffe74d\"},\"location\":{\"value\":\"eastus\"},\"resourceGroupSearch\":{\"value\":\"rg-9nsw\"},\"webAppName\":{\"value\":\"Web-App-3d0ee388\"}}",
            "resource_group_name": "rg-9nsw",
            "tags": {},
            "template_content": "{\"$schema\":\"https://schema.management.azure.com/schemas/2019-04-01/deploymentTemplate.json#\",\"contentVersion\":\"1.0.0.0\",\"outputs\":{\"webAppName\":{\"type\":\"String\",\"value\":\"[parameters('webAppName')]\"},\"webAppURL\":{\"type\":\"String\",\"value\":\"[reference(resourceId('Microsoft.Web/sites', parameters('webAppName')), '2022-09-01').defaultHostName]\"}},\"parameters\":{\"appServicePlanName\":{\"defaultValue\":\"[format('AppServicePlan-Frontend-{0}', uniqueString(resourceGroup().id))]\",\"metadata\":{\"description\":\"Optional. The name of the App Service Plan.\"},\"type\":\"String\"},\"appServicePlanSKU\":{\"allowedValues\":[\"B3\",\"S3\",\"P2v3\"],\"defaultValue\":\"S3\",\"metadata\":{\"description\":\"Optional, defaults to S3. The SKU of App Service Plan. The allowed values are B3, S3 and P2v3.\"},\"type\":\"String\"},\"azureOpenAIAPIKey\":{\"metadata\":{\"description\":\"Required. The API key of the Azure OpenAI resource deployed previously.\"},\"type\":\"SecureString\"},\"azureOpenAIAPIVersion\":{\"defaultValue\":\"2023-05-15\",\"metadata\":{\"description\":\"Optional. The API version of the Azure OpenAI.\"},\"type\":\"String\"},\"azureOpenAIModelName\":{\"defaultValue\":\"gpt-4-32k\",\"metadata\":{\"description\":\"Optional. The model name of the Azure OpenAI.\"},\"type\":\"String\"},\"azureOpenAIName\":{\"metadata\":{\"description\":\"Required. The name of the Azure OpenAI resource deployed previously.\"},\"type\":\"String\"},\"azureSearchAPIVersion\":{\"defaultValue\":\"2023-07-01-Preview\",\"metadata\":{\"description\":\"Optional. The API version of the Azure Search.\"},\"type\":\"String\"},\"azureSearchName\":{\"metadata\":{\"description\":\"Required. The name of the Azure Search service deployed previously.\"},\"type\":\"String\"},\"blobSASToken\":{\"metadata\":{\"description\":\"Required. The SAS token for the Azure Storage Account hosting your data\"},\"type\":\"SecureString\"},\"botDirectLineChannelKey\":{\"metadata\":{\"description\":\"Required. The key to the direct line channel of your bot.\"},\"type\":\"SecureString\"},\"botServiceName\":{\"metadata\":{\"description\":\"Required. The name of your Bot Service.\"},\"type\":\"String\"},\"location\":{\"defaultValue\":\"[resourceGroup().location]\",\"metadata\":{\"description\":\"Optional, defaults to resource group location. The location of the resources.\"},\"type\":\"String\"},\"resourceGroupSearch\":{\"defaultValue\":\"[resourceGroup().name]\",\"metadata\":{\"description\":\"Optional. The name of the resource group where the resources (Azure Search etc.) where deployed previously. Defaults to current resource group.\"},\"type\":\"String\"},\"webAppName\":{\"defaultValue\":\"[format('webApp-Frontend-{0}', uniqueString(resourceGroup().id))]\",\"maxLength\":60,\"metadata\":{\"description\":\"Optional. Web app name must be between 2 and 60 characters.\"},\"minLength\":2,\"type\":\"String\"}},\"resources\":[{\"apiVersion\":\"2022-09-01\",\"kind\":\"linux\",\"location\":\"[parameters('location')]\",\"name\":\"[parameters('appServicePlanName')]\",\"properties\":{\"reserved\":true},\"sku\":{\"name\":\"[parameters('appServicePlanSKU')]\"},\"type\":\"Microsoft.Web/serverfarms\"},{\"apiVersion\":\"2022-09-01\",\"dependsOn\":[\"[resourceId('Microsoft.Web/serverfarms', parameters('appServicePlanName'))]\"],\"location\":\"[parameters('location')]\",\"name\":\"[parameters('webAppName')]\",\"properties\":{\"serverFarmId\":\"[resourceId('Microsoft.Web/serverfarms', parameters('appServicePlanName'))]\",\"siteConfig\":{\"appSettings\":[{\"name\":\"BOT_SERVICE_NAME\",\"value\":\"[parameters('botServiceName')]\"},{\"name\":\"BOT_DIRECTLINE_SECRET_KEY\",\"value\":\"[parameters('botDirectLineChannelKey')]\"},{\"name\":\"BLOB_SAS_TOKEN\",\"value\":\"[parameters('blobSASToken')]\"},{\"name\":\"AZURE_SEARCH_ENDPOINT\",\"value\":\"[format('https://{0}.search.windows.net', parameters('azureSearchName'))]\"},{\"name\":\"AZURE_SEARCH_KEY\",\"value\":\"[listAdminKeys(extensionResourceId(format('/subscriptions/{0}/resourceGroups/{1}', subscription().subscriptionId, parameters('resourceGroupSearch')), 'Microsoft.Search/searchServices', parameters('azureSearchName')), '2021-04-01-preview').primaryKey]\"},{\"name\":\"AZURE_SEARCH_API_VERSION\",\"value\":\"[parameters('azureSearchAPIVersion')]\"},{\"name\":\"AZURE_OPENAI_ENDPOINT\",\"value\":\"[format('https://{0}.openai.azure.com/', parameters('azureOpenAIName'))]\"},{\"name\":\"AZURE_OPENAI_API_KEY\",\"value\":\"[parameters('azureOpenAIAPIKey')]\"},{\"name\":\"AZURE_OPENAI_MODEL_NAME\",\"value\":\"[parameters('azureOpenAIModelName')]\"},{\"name\":\"AZURE_OPENAI_API_VERSION\",\"value\":\"[parameters('azureOpenAIAPIVersion')]\"},{\"name\":\"SCM_DO_BUILD_DURING_DEPLOYMENT\",\"value\":\"true\"}]}},\"tags\":{\"azd-service-name\":\"frontend\"},\"type\":\"Microsoft.Web/sites\"},{\"apiVersion\":\"2022-09-01\",\"dependsOn\":[\"[resourceId('Microsoft.Web/sites', parameters('webAppName'))]\"],\"name\":\"[format('{0}/{1}', parameters('webAppName'), 'web')]\",\"properties\":{\"alwaysOn\":true,\"appCommandLine\":\"python -m streamlit run Home.py --server.port 8000 --server.address 0.0.0.0\",\"linuxFxVersion\":\"PYTHON|3.10\"},\"type\":\"Microsoft.Web/sites/config\"}]}",
            "template_spec_version_id": "",
            "timeouts": null
          },
          "sensitive_attributes": [
            [
              {
                "type": "get_attr",
                "value": "parameters_content"
              }
            ]
          ],
          "private": "eyJlMmJmYjczMC1lY2FhLTExZTYtOGY4OC0zNDM2M2JjN2M0YzAiOnsiY3JlYXRlIjoxMDgwMDAwMDAwMDAwMCwiZGVsZXRlIjoxMDgwMDAwMDAwMDAwMCwicmVhZCI6MzAwMDAwMDAwMDAwLCJ1cGRhdGUiOjEwODAwMDAwMDAwMDAwfX0=",
          "dependencies": [
            "azurerm_resource_group.rg",
            "module.ai.azurerm_cognitive_account.account",
            "module.ai.azurerm_cognitive_deployment.deployment1",
            "module.ai.azurerm_cognitive_deployment.deployment2",
            "module.ai.azurerm_cognitive_deployment.deployment3",
            "module.ai.azurerm_cognitive_deployment.deployment4",
            "module.ai.azurerm_cognitive_deployment.deployment5",
            "module.ai.azurerm_cognitive_deployment.embedding1",
            "module.deployment-01.azurerm_cognitive_account.cognitive-account-2",
            "module.deployment-01.azurerm_cognitive_account.cognitive01",
            "module.deployment-01.azurerm_cosmosdb_account.cosmosdb",
            "module.deployment-01.azurerm_cosmosdb_sql_container.cosmosdb_container",
            "module.deployment-01.azurerm_cosmosdb_sql_database.cosmosdb_database",
            "module.deployment-01.azurerm_cosmosdb_sql_role_definition.comosdb-role",
            "module.deployment-01.azurerm_cosmosdb_sql_role_definition.cosmosdb-role2",
            "module.deployment-01.azurerm_mssql_database.mssqldatabase",
            "module.deployment-01.azurerm_mssql_database_extended_auditing_policy.mssqldbpolicy01",
            "module.deployment-01.azurerm_mssql_firewall_rule.firewallrule",
            "module.deployment-01.azurerm_mssql_server.mssqlserver",
            "module.deployment-01.azurerm_mssql_server_extended_auditing_policy.mssql-policy03",
            "module.deployment-01.azurerm_mssql_server_microsoft_support_auditing_policy.mssqlpolicy01",
            "module.deployment-01.azurerm_mssql_server_security_alert_policy.mssql-policy04",
            "module.deployment-01.azurerm_mssql_server_transparent_data_encryption.mssql-policy02",
            "module.deployment-01.azurerm_resource_group_template_deployment.bing",
            "module.deployment-01.azurerm_search_service.search",
            "module.deployment-01.azurerm_storage_account.storage-account",
            "module.deployment-01.azurerm_storage_container.storage-container",
            "module.deployment-01.azurerm_storage_container.storage-container1",
            "module.deployment-01.azurerm_storage_container.storage-container2",
            "module.deployment-01.data.azurerm_storage_account_sas.sas-token",
            "module.deployment-01.random_string.value",
            "module.deployment-02.azurerm_resource_group_template_deployment.botapp",
            "module.deployment-02.random_string.value",
            "module.deployment-03.random_string.value",
            "random_string.value"
          ]
        }
      ]
    },
    {
      "module": "module.deployment-03",
      "mode": "managed",
      "type": "random_string",
      "name": "value",
      "provider": "provider[\"registry.terraform.io/hashicorp/random\"]",
      "instances": [
        {
          "schema_version": 2,
          "attributes": {
            "id": "rebs",
            "keepers": null,
            "length": 4,
            "lower": true,
            "min_lower": 0,
            "min_numeric": 0,
            "min_special": 0,
            "min_upper": 0,
            "number": true,
            "numeric": true,
            "override_special": null,
            "result": "rebs",
            "special": false,
            "upper": false
          },
          "sensitive_attributes": [],
          "dependencies": [
            "azurerm_resource_group.rg",
            "module.ai.azurerm_cognitive_account.account",
            "module.ai.azurerm_cognitive_deployment.deployment1",
            "module.ai.azurerm_cognitive_deployment.deployment2",
            "module.ai.azurerm_cognitive_deployment.deployment3",
            "module.ai.azurerm_cognitive_deployment.deployment4",
            "module.ai.azurerm_cognitive_deployment.deployment5",
            "module.ai.azurerm_cognitive_deployment.embedding1",
            "module.deployment-01.azurerm_cognitive_account.cognitive-account-2",
            "module.deployment-01.azurerm_cognitive_account.cognitive01",
            "module.deployment-01.azurerm_cosmosdb_account.cosmosdb",
            "module.deployment-01.azurerm_cosmosdb_sql_container.cosmosdb_container",
            "module.deployment-01.azurerm_cosmosdb_sql_database.cosmosdb_database",
            "module.deployment-01.azurerm_cosmosdb_sql_role_definition.comosdb-role",
            "module.deployment-01.azurerm_cosmosdb_sql_role_definition.cosmosdb-role2",
            "module.deployment-01.azurerm_mssql_database.mssqldatabase",
            "module.deployment-01.azurerm_mssql_database_extended_auditing_policy.mssqldbpolicy01",
            "module.deployment-01.azurerm_mssql_firewall_rule.firewallrule",
            "module.deployment-01.azurerm_mssql_server.mssqlserver",
            "module.deployment-01.azurerm_mssql_server_extended_auditing_policy.mssql-policy03",
            "module.deployment-01.azurerm_mssql_server_microsoft_support_auditing_policy.mssqlpolicy01",
            "module.deployment-01.azurerm_mssql_server_security_alert_policy.mssql-policy04",
            "module.deployment-01.azurerm_mssql_server_transparent_data_encryption.mssql-policy02",
            "module.deployment-01.azurerm_resource_group_template_deployment.bing",
            "module.deployment-01.azurerm_search_service.search",
            "module.deployment-01.azurerm_storage_account.storage-account",
            "module.deployment-01.azurerm_storage_container.storage-container",
            "module.deployment-01.azurerm_storage_container.storage-container1",
            "module.deployment-01.azurerm_storage_container.storage-container2",
            "module.deployment-01.data.azurerm_storage_account_sas.sas-token",
            "module.deployment-01.random_string.value",
            "module.deployment-02.azurerm_resource_group_template_deployment.botapp",
            "module.deployment-02.random_string.value",
            "random_string.value"
          ]
        }
      ]
    },
    {
      "module": "module.deployment-04",
      "mode": "data",
      "type": "azurerm_client_config",
      "name": "current",
      "provider": "provider[\"registry.terraform.io/hashicorp/azurerm\"]",
      "instances": [
        {
          "schema_version": 0,
          "attributes": {
            "client_id": "04b07795-8ddb-461a-bbee-02f9e1bf7b46",
            "id": "Y2xpZW50Q29uZmlncy9jbGllbnRJZD0wNGIwNzc5NS04ZGRiLTQ2MWEtYmJlZS0wMmY5ZTFiZjdiNDY7b2JqZWN0SWQ9YTdlYzdjYmEtMjVjMC00NjliLTk5NTAtMzAxMTg2MDYwZWZkO3N1YnNjcmlwdGlvbklkPTczODM4NGI0LWIwOTYtNDc3Yy05NjdmLTA3MzdhYTliNjczYTt0ZW5hbnRJZD0wNzQ1ZmE0OC0wMTIyLTQ1YjYtYmRlNy04NjI2ZjZmODRkZjY=",
            "object_id": "a7ec7cba-25c0-469b-9950-301186060efd",
            "subscription_id": "738384b4-b096-477c-967f-0737aa9b673a",
            "tenant_id": "0745fa48-0122-45b6-bde7-8626f6f84df6",
            "timeouts": null
          },
          "sensitive_attributes": []
        }
      ]
    },
    {
      "module": "module.deployment-04",
      "mode": "managed",
      "type": "azurerm_application_insights",
      "name": "app-insights",
      "provider": "provider[\"registry.terraform.io/hashicorp/azurerm\"]",
      "instances": [
        {
          "schema_version": 1,
          "attributes": {
            "app_id": "c57a2f73-bad3-41b2-ab6b-0b3d985c69f3",
            "application_type": "web",
            "connection_string": "InstrumentationKey=40d68449-aa5b-4fa3-ba45-966f1d07a202;IngestionEndpoint=https://eastus-0.in.applicationinsights.azure.com/;LiveEndpoint=https://eastus.livediagnostics.monitor.azure.com/",
            "daily_data_cap_in_gb": 100,
            "daily_data_cap_notifications_disabled": false,
            "disable_ip_masking": false,
            "force_customer_storage_for_profiler": false,
            "id": "/subscriptions/738384b4-b096-477c-967f-0737aa9b673a/resourceGroups/rg-9nsw/providers/Microsoft.Insights/components/ws-insights-572a0d02",
            "instrumentation_key": "40d68449-aa5b-4fa3-ba45-966f1d07a202",
            "internet_ingestion_enabled": true,
            "internet_query_enabled": true,
            "local_authentication_disabled": false,
            "location": "eastus",
            "name": "ws-insights-572a0d02",
            "resource_group_name": "rg-9nsw",
            "retention_in_days": 90,
            "sampling_percentage": 100,
            "tags": {},
            "timeouts": null,
            "workspace_id": ""
          },
          "sensitive_attributes": [],
          "private": "eyJlMmJmYjczMC1lY2FhLTExZTYtOGY4OC0zNDM2M2JjN2M0YzAiOnsiY3JlYXRlIjozNjAwMDAwMDAwMDAwLCJkZWxldGUiOjE4MDAwMDAwMDAwMDAsInJlYWQiOjMwMDAwMDAwMDAwMCwidXBkYXRlIjoxODAwMDAwMDAwMDAwfSwic2NoZW1hX3ZlcnNpb24iOiIxIn0=",
          "dependencies": [
            "azurerm_resource_group.rg",
            "module.deployment-04.random_string.value",
            "random_string.value"
          ]
        }
      ]
    },
    {
      "module": "module.deployment-04",
      "mode": "managed",
      "type": "azurerm_container_registry",
      "name": "mlws-cr",
      "provider": "provider[\"registry.terraform.io/hashicorp/azurerm\"]",
      "instances": [
        {
          "schema_version": 2,
          "attributes": {
            "admin_enabled": true,
            "admin_password": "+mVqJxbs7OMKYw5wYNVJJE8WPjG2NJB0P8hDQm4vSE+ACRDoYSC/",
            "admin_username": "mlws572a0d02cr",
            "anonymous_pull_enabled": false,
            "data_endpoint_enabled": false,
            "encryption": [
              {
                "enabled": false,
                "identity_client_id": "",
                "key_vault_key_id": ""
              }
            ],
            "export_policy_enabled": true,
            "georeplications": [],
            "id": "/subscriptions/738384b4-b096-477c-967f-0737aa9b673a/resourceGroups/rg-9nsw/providers/Microsoft.ContainerRegistry/registries/mlws572a0d02cr",
            "identity": [],
            "location": "eastus",
            "login_server": "mlws572a0d02cr.azurecr.io",
            "name": "mlws572a0d02cr",
            "network_rule_bypass_option": "AzureServices",
            "network_rule_set": [
              {
                "default_action": "Allow",
                "ip_rule": [],
                "virtual_network": []
              }
            ],
            "public_network_access_enabled": true,
            "quarantine_policy_enabled": false,
            "resource_group_name": "rg-9nsw",
            "retention_policy": [
              {
                "days": 7,
                "enabled": false
              }
            ],
            "sku": "Premium",
            "tags": {},
            "timeouts": null,
            "trust_policy": [
              {
                "enabled": false
              }
            ],
            "zone_redundancy_enabled": false
          },
          "sensitive_attributes": [],
          "private": "eyJlMmJmYjczMC1lY2FhLTExZTYtOGY4OC0zNDM2M2JjN2M0YzAiOnsiY3JlYXRlIjoxODAwMDAwMDAwMDAwLCJkZWxldGUiOjE4MDAwMDAwMDAwMDAsInJlYWQiOjMwMDAwMDAwMDAwMCwidXBkYXRlIjoxODAwMDAwMDAwMDAwfSwic2NoZW1hX3ZlcnNpb24iOiIyIn0=",
          "dependencies": [
            "azurerm_resource_group.rg",
            "module.deployment-04.random_string.value",
            "random_string.value"
          ]
        }
      ]
    },
    {
      "module": "module.deployment-04",
      "mode": "managed",
      "type": "azurerm_key_vault",
      "name": "keyvault",
      "provider": "provider[\"registry.terraform.io/hashicorp/azurerm\"]",
      "instances": [
        {
          "schema_version": 2,
          "attributes": {
            "access_policy": [
              {
                "application_id": "",
                "certificate_permissions": [
                  "all"
                ],
                "key_permissions": [
                  "all"
                ],
                "object_id": "5fc89b7e-6a74-43a4-afff-c684d41bd79a",
                "secret_permissions": [
                  "all"
                ],
                "storage_permissions": [],
                "tenant_id": "0745fa48-0122-45b6-bde7-8626f6f84df6"
              }
            ],
            "contact": [],
            "enable_rbac_authorization": false,
            "enabled_for_deployment": false,
            "enabled_for_disk_encryption": false,
            "enabled_for_template_deployment": false,
            "id": "/subscriptions/738384b4-b096-477c-967f-0737aa9b673a/resourceGroups/rg-9nsw/providers/Microsoft.KeyVault/vaults/keyvault-572a0d02",
            "location": "eastus",
            "name": "keyvault-572a0d02",
            "network_acls": [
              {
                "bypass": "AzureServices",
                "default_action": "Allow",
                "ip_rules": [],
                "virtual_network_subnet_ids": []
              }
            ],
            "public_network_access_enabled": true,
            "purge_protection_enabled": false,
            "resource_group_name": "rg-9nsw",
            "sku_name": "premium",
            "soft_delete_retention_days": 90,
            "tags": {},
            "tenant_id": "0745fa48-0122-45b6-bde7-8626f6f84df6",
            "timeouts": null,
            "vault_uri": "https://keyvault-572a0d02.vault.azure.net/"
          },
          "sensitive_attributes": [],
          "private": "eyJlMmJmYjczMC1lY2FhLTExZTYtOGY4OC0zNDM2M2JjN2M0YzAiOnsiY3JlYXRlIjoxODAwMDAwMDAwMDAwLCJkZWxldGUiOjE4MDAwMDAwMDAwMDAsInJlYWQiOjMwMDAwMDAwMDAwMCwidXBkYXRlIjoxODAwMDAwMDAwMDAwfSwic2NoZW1hX3ZlcnNpb24iOiIyIn0=",
          "dependencies": [
            "azurerm_resource_group.rg",
            "module.deployment-04.data.azurerm_client_config.current",
            "module.deployment-04.random_string.value",
            "random_string.value"
          ]
        }
      ]
    },
    {
      "module": "module.deployment-04",
      "mode": "managed",
      "type": "azurerm_machine_learning_workspace",
      "name": "ml-workspace",
      "provider": "provider[\"registry.terraform.io/hashicorp/azurerm\"]",
      "instances": [
        {
          "schema_version": 0,
          "attributes": {
            "application_insights_id": "/subscriptions/738384b4-b096-477c-967f-0737aa9b673a/resourceGroups/rg-9nsw/providers/Microsoft.insights/components/ws-insights-572a0d02",
            "container_registry_id": "/subscriptions/738384b4-b096-477c-967f-0737aa9b673a/resourceGroups/rg-9nsw/providers/Microsoft.ContainerRegistry/registries/mlws572a0d02cr",
            "description": "",
            "discovery_url": "https://eastus.api.azureml.ms/discovery",
            "encryption": [],
            "friendly_name": "",
            "high_business_impact": false,
            "id": "/subscriptions/738384b4-b096-477c-967f-0737aa9b673a/resourceGroups/rg-9nsw/providers/Microsoft.MachineLearningServices/workspaces/workspace-572a0d02",
            "identity": [
              {
                "identity_ids": [],
                "principal_id": "5fc89b7e-6a74-43a4-afff-c684d41bd79a",
                "tenant_id": "0745fa48-0122-45b6-bde7-8626f6f84df6",
                "type": "SystemAssigned"
              }
            ],
            "image_build_compute_name": "",
            "key_vault_id": "/subscriptions/738384b4-b096-477c-967f-0737aa9b673a/resourceGroups/rg-9nsw/providers/Microsoft.KeyVault/vaults/keyvault-572a0d02",
            "location": "eastus",
            "name": "workspace-572a0d02",
            "primary_user_assigned_identity": "",
            "public_access_behind_virtual_network_enabled": false,
            "public_network_access_enabled": true,
            "resource_group_name": "rg-9nsw",
            "sku_name": "Basic",
            "storage_account_id": "/subscriptions/738384b4-b096-477c-967f-0737aa9b673a/resourceGroups/rg-9nsw/providers/Microsoft.Storage/storageAccounts/storage572a0d02",
            "tags": {},
            "timeouts": null,
            "v1_legacy_mode_enabled": false,
            "workspace_id": "1db47922-21c2-4cc6-937b-8f110482794b"
          },
          "sensitive_attributes": [],
          "private": "eyJlMmJmYjczMC1lY2FhLTExZTYtOGY4OC0zNDM2M2JjN2M0YzAiOnsiY3JlYXRlIjoxODAwMDAwMDAwMDAwLCJkZWxldGUiOjE4MDAwMDAwMDAwMDAsInJlYWQiOjMwMDAwMDAwMDAwMCwidXBkYXRlIjoxODAwMDAwMDAwMDAwfX0=",
          "dependencies": [
            "azurerm_resource_group.rg",
            "module.deployment-04.azurerm_application_insights.app-insights",
            "module.deployment-04.azurerm_container_registry.mlws-cr",
            "module.deployment-04.azurerm_key_vault.keyvault",
            "module.deployment-04.azurerm_storage_account.storage-ml",
            "module.deployment-04.data.azurerm_client_config.current",
            "module.deployment-04.random_string.value",
            "random_string.value"
          ]
        }
      ]
    },
    {
      "module": "module.deployment-04",
      "mode": "managed",
      "type": "azurerm_storage_account",
      "name": "storage-ml",
      "provider": "provider[\"registry.terraform.io/hashicorp/azurerm\"]",
      "instances": [
        {
          "schema_version": 4,
          "attributes": {
            "access_tier": "Hot",
            "account_kind": "StorageV2",
            "account_replication_type": "GRS",
            "account_tier": "Standard",
            "allow_nested_items_to_be_public": true,
            "allowed_copy_scope": "",
            "azure_files_authentication": [],
            "blob_properties": [
              {
                "change_feed_enabled": false,
                "change_feed_retention_in_days": 0,
                "container_delete_retention_policy": [],
                "cors_rule": [
                  {
                    "allowed_headers": [
                      "*"
                    ],
                    "allowed_methods": [
                      "GET",
                      "HEAD",
                      "POST",
                      "PUT",
                      "DELETE",
                      "OPTIONS",
                      "PATCH"
                    ],
                    "allowed_origins": [
                      "https://mlworkspace.azure.ai",
                      "https://ml.azure.com",
                      "https://*.ml.azure.com",
                      "https://ai.azure.com",
                      "https://*.ai.azure.com"
                    ],
                    "exposed_headers": [
                      "*"
                    ],
                    "max_age_in_seconds": 1800
                  }
                ],
                "default_service_version": "",
                "delete_retention_policy": [],
                "last_access_time_enabled": false,
                "restore_policy": [],
                "versioning_enabled": false
              }
            ],
            "cross_tenant_replication_enabled": true,
            "custom_domain": [],
            "customer_managed_key": [],
            "default_to_oauth_authentication": false,
            "edge_zone": "",
            "enable_https_traffic_only": true,
            "id": "/subscriptions/738384b4-b096-477c-967f-0737aa9b673a/resourceGroups/rg-9nsw/providers/Microsoft.Storage/storageAccounts/storage572a0d02",
            "identity": [],
            "immutability_policy": [],
            "infrastructure_encryption_enabled": false,
            "is_hns_enabled": false,
            "large_file_share_enabled": null,
            "location": "eastus",
            "min_tls_version": "TLS1_2",
            "name": "storage572a0d02",
            "network_rules": [
              {
                "bypass": [
                  "AzureServices"
                ],
                "default_action": "Allow",
                "ip_rules": [],
                "private_link_access": [],
                "virtual_network_subnet_ids": []
              }
            ],
            "nfsv3_enabled": false,
            "primary_access_key": "zD4r37DKenBCQcdcBq0qp7cpCWdcENkv0ZnraKrW77qVuuT0Nr5zbog+yuO274TyBzzsau2TUO0x+AStacMNbg==",
            "primary_blob_connection_string": "DefaultEndpointsProtocol=https;BlobEndpoint=https://storage572a0d02.blob.core.windows.net/;AccountName=storage572a0d02;AccountKey=zD4r37DKenBCQcdcBq0qp7cpCWdcENkv0ZnraKrW77qVuuT0Nr5zbog+yuO274TyBzzsau2TUO0x+AStacMNbg==",
            "primary_blob_endpoint": "https://storage572a0d02.blob.core.windows.net/",
            "primary_blob_host": "storage572a0d02.blob.core.windows.net",
            "primary_blob_internet_endpoint": null,
            "primary_blob_internet_host": null,
            "primary_blob_microsoft_endpoint": null,
            "primary_blob_microsoft_host": null,
            "primary_connection_string": "DefaultEndpointsProtocol=https;AccountName=storage572a0d02;AccountKey=zD4r37DKenBCQcdcBq0qp7cpCWdcENkv0ZnraKrW77qVuuT0Nr5zbog+yuO274TyBzzsau2TUO0x+AStacMNbg==;EndpointSuffix=core.windows.net",
            "primary_dfs_endpoint": "https://storage572a0d02.dfs.core.windows.net/",
            "primary_dfs_host": "storage572a0d02.dfs.core.windows.net",
            "primary_dfs_internet_endpoint": null,
            "primary_dfs_internet_host": null,
            "primary_dfs_microsoft_endpoint": null,
            "primary_dfs_microsoft_host": null,
            "primary_file_endpoint": "https://storage572a0d02.file.core.windows.net/",
            "primary_file_host": "storage572a0d02.file.core.windows.net",
            "primary_file_internet_endpoint": null,
            "primary_file_internet_host": null,
            "primary_file_microsoft_endpoint": null,
            "primary_file_microsoft_host": null,
            "primary_location": "eastus",
            "primary_queue_endpoint": "https://storage572a0d02.queue.core.windows.net/",
            "primary_queue_host": "storage572a0d02.queue.core.windows.net",
            "primary_queue_microsoft_endpoint": null,
            "primary_queue_microsoft_host": null,
            "primary_table_endpoint": "https://storage572a0d02.table.core.windows.net/",
            "primary_table_host": "storage572a0d02.table.core.windows.net",
            "primary_table_microsoft_endpoint": null,
            "primary_table_microsoft_host": null,
            "primary_web_endpoint": "https://storage572a0d02.z13.web.core.windows.net/",
            "primary_web_host": "storage572a0d02.z13.web.core.windows.net",
            "primary_web_internet_endpoint": null,
            "primary_web_internet_host": null,
            "primary_web_microsoft_endpoint": null,
            "primary_web_microsoft_host": null,
            "public_network_access_enabled": true,
            "queue_encryption_key_type": "Service",
            "queue_properties": [
              {
                "cors_rule": [],
                "hour_metrics": [
                  {
                    "enabled": true,
                    "include_apis": true,
                    "retention_policy_days": 7,
                    "version": "1.0"
                  }
                ],
                "logging": [
                  {
                    "delete": false,
                    "read": false,
                    "retention_policy_days": 0,
                    "version": "1.0",
                    "write": false
                  }
                ],
                "minute_metrics": [
                  {
                    "enabled": false,
                    "include_apis": false,
                    "retention_policy_days": 0,
                    "version": "1.0"
                  }
                ]
              }
            ],
            "resource_group_name": "rg-9nsw",
            "routing": [],
            "sas_policy": [],
            "secondary_access_key": "DMP50Tl88MiCF6/TNluJzRJM9Ry2Uh3GXszOf2YkhDTceESAPE7zrYd2h/yQo3lXiPKA7PK3/Ba++AStzicOxQ==",
            "secondary_blob_connection_string": "",
            "secondary_blob_endpoint": null,
            "secondary_blob_host": null,
            "secondary_blob_internet_endpoint": null,
            "secondary_blob_internet_host": null,
            "secondary_blob_microsoft_endpoint": null,
            "secondary_blob_microsoft_host": null,
            "secondary_connection_string": "DefaultEndpointsProtocol=https;AccountName=storage572a0d02;AccountKey=DMP50Tl88MiCF6/TNluJzRJM9Ry2Uh3GXszOf2YkhDTceESAPE7zrYd2h/yQo3lXiPKA7PK3/Ba++AStzicOxQ==;EndpointSuffix=core.windows.net",
            "secondary_dfs_endpoint": null,
            "secondary_dfs_host": null,
            "secondary_dfs_internet_endpoint": null,
            "secondary_dfs_internet_host": null,
            "secondary_dfs_microsoft_endpoint": null,
            "secondary_dfs_microsoft_host": null,
            "secondary_file_endpoint": null,
            "secondary_file_host": null,
            "secondary_file_internet_endpoint": null,
            "secondary_file_internet_host": null,
            "secondary_file_microsoft_endpoint": null,
            "secondary_file_microsoft_host": null,
            "secondary_location": "westus",
            "secondary_queue_endpoint": null,
            "secondary_queue_host": null,
            "secondary_queue_microsoft_endpoint": null,
            "secondary_queue_microsoft_host": null,
            "secondary_table_endpoint": null,
            "secondary_table_host": null,
            "secondary_table_microsoft_endpoint": null,
            "secondary_table_microsoft_host": null,
            "secondary_web_endpoint": null,
            "secondary_web_host": null,
            "secondary_web_internet_endpoint": null,
            "secondary_web_internet_host": null,
            "secondary_web_microsoft_endpoint": null,
            "secondary_web_microsoft_host": null,
            "sftp_enabled": false,
            "share_properties": [
              {
                "cors_rule": [],
                "retention_policy": [
                  {
                    "days": 7
                  }
                ],
                "smb": []
              }
            ],
            "shared_access_key_enabled": true,
            "static_website": [],
            "table_encryption_key_type": "Service",
            "tags": {},
            "timeouts": null
          },
          "sensitive_attributes": [],
          "private": "eyJlMmJmYjczMC1lY2FhLTExZTYtOGY4OC0zNDM2M2JjN2M0YzAiOnsiY3JlYXRlIjozNjAwMDAwMDAwMDAwLCJkZWxldGUiOjM2MDAwMDAwMDAwMDAsInJlYWQiOjMwMDAwMDAwMDAwMCwidXBkYXRlIjozNjAwMDAwMDAwMDAwfSwic2NoZW1hX3ZlcnNpb24iOiI0In0=",
          "dependencies": [
            "azurerm_resource_group.rg",
            "module.deployment-04.random_string.value",
            "random_string.value"
          ]
        }
      ]
    },
    {
      "module": "module.deployment-04",
      "mode": "managed",
      "type": "random_string",
      "name": "value",
      "provider": "provider[\"registry.terraform.io/hashicorp/random\"]",
      "instances": [
        {
          "schema_version": 2,
          "attributes": {
            "id": "riyk",
            "keepers": null,
            "length": 4,
            "lower": true,
            "min_lower": 0,
            "min_numeric": 0,
            "min_special": 0,
            "min_upper": 0,
            "number": false,
            "numeric": false,
            "override_special": null,
            "result": "riyk",
            "special": false,
            "upper": false
          },
          "sensitive_attributes": []
        }
      ]
    },
    {
      "module": "module.deployment-05",
      "mode": "managed",
      "type": "azurerm_machine_learning_compute_instance",
      "name": "ml-compute",
      "provider": "provider[\"registry.terraform.io/hashicorp/azurerm\"]",
      "instances": [
        {
          "schema_version": 0,
          "attributes": {
            "assign_to_user": [],
            "authorization_type": "personal",
            "description": "",
            "id": "/subscriptions/738384b4-b096-477c-967f-0737aa9b673a/resourceGroups/rg-9nsw/providers/Microsoft.MachineLearningServices/workspaces/workspace-572a0d02/computes/compute-fa3245c2",
            "identity": [],
            "local_auth_enabled": true,
            "location": "eastus",
            "machine_learning_workspace_id": "/subscriptions/738384b4-b096-477c-967f-0737aa9b673a/resourceGroups/rg-9nsw/providers/Microsoft.MachineLearningServices/workspaces/workspace-572a0d02",
            "name": "compute-fa3245c2",
            "node_public_ip_enabled": true,
            "ssh": [
              {
                "port": 50001,
                "public_key": "ssh-rsa AAAAB3NzaC1yc2EAAAADAQABAAABAQCqaZoyiz1qbdOQ8xEf6uEu1cCwYowo5FHtsBhqLoDnnp7KUTEBN+L2NxRIfQ781rxV6Iq5jSav6b2Q8z5KiseOlvKA/RF2wqU0UPYqQviQhLmW6THTpmrv/YkUCuzxDpsH7DUDhZcwySLKVVe0Qm3+5N2Ta6UYH3lsDf9R9wTP2K/+vAnflKebuypNlmocIvakFWoZda18FOmsOoIVXQ8HWFNCuw9ZCunMSN62QGamCe3dL5cXlkgHYv7ekJE15IA9aOJcM7e90oeTqo+7HTcWfdu0qQqPWY5ujyMw/llas8tsXY85LFqRnr3gJ02bAscjc477+X+j/gkpFoN1QEmt terraform@demo.tld",
                "username": "azureuser"
              }
            ],
            "subnet_resource_id": "/subscriptions/738384b4-b096-477c-967f-0737aa9b673a/resourceGroups/rg-9nsw/providers/Microsoft.Network/virtualNetworks/vnet-fa3245c2/subnets/subnet-fa3245c2",
            "tags": {},
            "timeouts": null,
            "virtual_machine_size": "STANDARD_DS2_V2"
          },
          "sensitive_attributes": [],
          "private": "eyJlMmJmYjczMC1lY2FhLTExZTYtOGY4OC0zNDM2M2JjN2M0YzAiOnsiY3JlYXRlIjoxODAwMDAwMDAwMDAwLCJkZWxldGUiOjE4MDAwMDAwMDAwMDAsInJlYWQiOjMwMDAwMDAwMDAwMH19",
          "dependencies": [
            "azurerm_resource_group.rg",
            "module.deployment-04.azurerm_application_insights.app-insights",
            "module.deployment-04.azurerm_container_registry.mlws-cr",
            "module.deployment-04.azurerm_key_vault.keyvault",
            "module.deployment-04.azurerm_machine_learning_workspace.ml-workspace",
            "module.deployment-04.azurerm_storage_account.storage-ml",
            "module.deployment-04.data.azurerm_client_config.current",
            "module.deployment-04.random_string.value",
            "module.deployment-05.azurerm_subnet.ml-subnet",
            "module.deployment-05.azurerm_virtual_network.ml-vnet",
            "module.deployment-05.random_string.value",
            "random_string.value"
          ]
        }
      ]
    },
    {
      "module": "module.deployment-05",
      "mode": "managed",
      "type": "azurerm_network_interface",
      "name": "ml-compute-nic",
      "provider": "provider[\"registry.terraform.io/hashicorp/azurerm\"]",
      "instances": [
        {
          "schema_version": 0,
          "attributes": {
            "applied_dns_servers": [],
            "auxiliary_mode": "",
            "auxiliary_sku": "",
            "dns_servers": [],
            "edge_zone": "",
            "enable_accelerated_networking": false,
            "enable_ip_forwarding": false,
            "id": "/subscriptions/738384b4-b096-477c-967f-0737aa9b673a/resourceGroups/rg-9nsw/providers/Microsoft.Network/networkInterfaces/ml-compute-nic",
            "internal_dns_name_label": "",
            "internal_domain_name_suffix": "4u2jszzzw40ezhgplnuukeioxf.bx.internal.cloudapp.net",
            "ip_configuration": [
              {
                "gateway_load_balancer_frontend_ip_configuration_id": "",
                "name": "internal",
                "primary": true,
                "private_ip_address": "10.1.0.4",
                "private_ip_address_allocation": "Dynamic",
                "private_ip_address_version": "IPv4",
                "public_ip_address_id": "",
                "subnet_id": "/subscriptions/738384b4-b096-477c-967f-0737aa9b673a/resourceGroups/rg-9nsw/providers/Microsoft.Network/virtualNetworks/vnet-fa3245c2/subnets/subnet-fa3245c2"
              }
            ],
            "location": "eastus",
            "mac_address": "",
            "name": "ml-compute-nic",
            "private_ip_address": "10.1.0.4",
            "private_ip_addresses": [
              "10.1.0.4"
            ],
            "resource_group_name": "rg-9nsw",
            "tags": {},
            "timeouts": null,
            "virtual_machine_id": ""
          },
          "sensitive_attributes": [],
          "private": "eyJlMmJmYjczMC1lY2FhLTExZTYtOGY4OC0zNDM2M2JjN2M0YzAiOnsiY3JlYXRlIjoxODAwMDAwMDAwMDAwLCJkZWxldGUiOjE4MDAwMDAwMDAwMDAsInJlYWQiOjMwMDAwMDAwMDAwMCwidXBkYXRlIjoxODAwMDAwMDAwMDAwfX0=",
          "dependencies": [
            "azurerm_resource_group.rg",
            "module.deployment-04.azurerm_application_insights.app-insights",
            "module.deployment-04.azurerm_container_registry.mlws-cr",
            "module.deployment-04.azurerm_key_vault.keyvault",
            "module.deployment-04.azurerm_machine_learning_workspace.ml-workspace",
            "module.deployment-04.azurerm_storage_account.storage-ml",
            "module.deployment-04.data.azurerm_client_config.current",
            "module.deployment-04.random_string.value",
            "module.deployment-05.azurerm_machine_learning_compute_instance.ml-compute",
            "module.deployment-05.azurerm_subnet.ml-subnet",
            "module.deployment-05.azurerm_virtual_network.ml-vnet",
            "module.deployment-05.random_string.value",
            "random_string.value"
          ]
        }
      ]
    },
    {
      "module": "module.deployment-05",
      "mode": "managed",
      "type": "azurerm_subnet",
      "name": "ml-subnet",
      "provider": "provider[\"registry.terraform.io/hashicorp/azurerm\"]",
      "instances": [
        {
          "schema_version": 0,
          "attributes": {
            "address_prefixes": [
              "10.1.0.0/24"
            ],
            "delegation": [],
            "enforce_private_link_endpoint_network_policies": false,
            "enforce_private_link_service_network_policies": false,
            "id": "/subscriptions/738384b4-b096-477c-967f-0737aa9b673a/resourceGroups/rg-9nsw/providers/Microsoft.Network/virtualNetworks/vnet-fa3245c2/subnets/subnet-fa3245c2",
            "name": "subnet-fa3245c2",
            "private_endpoint_network_policies_enabled": true,
            "private_link_service_network_policies_enabled": true,
            "resource_group_name": "rg-9nsw",
            "service_endpoint_policy_ids": [],
            "service_endpoints": [],
            "timeouts": null,
            "virtual_network_name": "vnet-fa3245c2"
          },
          "sensitive_attributes": [],
          "private": "eyJlMmJmYjczMC1lY2FhLTExZTYtOGY4OC0zNDM2M2JjN2M0YzAiOnsiY3JlYXRlIjoxODAwMDAwMDAwMDAwLCJkZWxldGUiOjE4MDAwMDAwMDAwMDAsInJlYWQiOjMwMDAwMDAwMDAwMCwidXBkYXRlIjoxODAwMDAwMDAwMDAwfX0=",
          "dependencies": [
            "azurerm_resource_group.rg",
            "module.deployment-04.azurerm_application_insights.app-insights",
            "module.deployment-04.azurerm_container_registry.mlws-cr",
            "module.deployment-04.azurerm_key_vault.keyvault",
            "module.deployment-04.azurerm_machine_learning_workspace.ml-workspace",
            "module.deployment-04.azurerm_storage_account.storage-ml",
            "module.deployment-04.data.azurerm_client_config.current",
            "module.deployment-04.random_string.value",
            "module.deployment-05.azurerm_virtual_network.ml-vnet",
            "module.deployment-05.random_string.value",
            "random_string.value"
          ]
        }
      ]
    },
    {
      "module": "module.deployment-05",
      "mode": "managed",
      "type": "azurerm_virtual_network",
      "name": "ml-vnet",
      "provider": "provider[\"registry.terraform.io/hashicorp/azurerm\"]",
      "instances": [
        {
          "schema_version": 0,
          "attributes": {
            "address_space": [
              "10.1.0.0/16"
            ],
            "bgp_community": "",
            "ddos_protection_plan": [],
            "dns_servers": [],
            "edge_zone": "",
            "encryption": [],
            "flow_timeout_in_minutes": 0,
            "guid": "679938f5-b739-4cb4-9ccf-5b6945110ebd",
            "id": "/subscriptions/738384b4-b096-477c-967f-0737aa9b673a/resourceGroups/rg-9nsw/providers/Microsoft.Network/virtualNetworks/vnet-fa3245c2",
            "location": "eastus",
            "name": "vnet-fa3245c2",
            "resource_group_name": "rg-9nsw",
            "subnet": [
              {
                "address_prefix": "10.1.0.0/24",
                "id": "/subscriptions/738384b4-b096-477c-967f-0737aa9b673a/resourceGroups/rg-9nsw/providers/Microsoft.Network/virtualNetworks/vnet-fa3245c2/subnets/subnet-fa3245c2",
                "name": "subnet-fa3245c2",
                "security_group": ""
              }
            ],
            "tags": {},
            "timeouts": null
          },
          "sensitive_attributes": [],
          "private": "eyJlMmJmYjczMC1lY2FhLTExZTYtOGY4OC0zNDM2M2JjN2M0YzAiOnsiY3JlYXRlIjoxODAwMDAwMDAwMDAwLCJkZWxldGUiOjE4MDAwMDAwMDAwMDAsInJlYWQiOjMwMDAwMDAwMDAwMCwidXBkYXRlIjoxODAwMDAwMDAwMDAwfX0=",
          "dependencies": [
            "azurerm_resource_group.rg",
            "module.deployment-04.azurerm_application_insights.app-insights",
            "module.deployment-04.azurerm_container_registry.mlws-cr",
            "module.deployment-04.azurerm_key_vault.keyvault",
            "module.deployment-04.azurerm_machine_learning_workspace.ml-workspace",
            "module.deployment-04.azurerm_storage_account.storage-ml",
            "module.deployment-04.data.azurerm_client_config.current",
            "module.deployment-04.random_string.value",
            "module.deployment-05.random_string.value",
            "random_string.value"
          ]
        }
      ]
    },
    {
      "module": "module.deployment-05",
      "mode": "managed",
      "type": "random_string",
      "name": "value",
      "provider": "provider[\"registry.terraform.io/hashicorp/random\"]",
      "instances": [
        {
          "schema_version": 2,
          "attributes": {
            "id": "xalw",
            "keepers": null,
            "length": 4,
            "lower": true,
            "min_lower": 0,
            "min_numeric": 0,
            "min_special": 0,
            "min_upper": 0,
            "number": false,
            "numeric": false,
            "override_special": null,
            "result": "xalw",
            "special": false,
            "upper": false
          },
          "sensitive_attributes": [],
          "dependencies": [
            "azurerm_resource_group.rg",
            "module.deployment-04.azurerm_application_insights.app-insights",
            "module.deployment-04.azurerm_container_registry.mlws-cr",
            "module.deployment-04.azurerm_key_vault.keyvault",
            "module.deployment-04.azurerm_machine_learning_workspace.ml-workspace",
            "module.deployment-04.azurerm_storage_account.storage-ml",
            "module.deployment-04.data.azurerm_client_config.current",
            "module.deployment-04.random_string.value",
            "random_string.value"
          ]
        }
      ]
    }
  ],
  "check_results": null
}
